// !$*UTF8*$!
{
	archiveVersion = 1;
	classes = {
	};
	objectVersion = 45;
	objects = {

/* Begin PBXBuildFile section */
		4FE162E310FBD6D5002F5B37 /* CKAbstractCellController.h in Headers */ = {isa = PBXBuildFile; fileRef = 4FE162DB10FBD6D5002F5B37 /* CKAbstractCellController.h */; settings = {ATTRIBUTES = (Public, ); }; };
		4FE162E410FBD6D5002F5B37 /* CKAbstractCellController.m in Sources */ = {isa = PBXBuildFile; fileRef = 4FE162DC10FBD6D5002F5B37 /* CKAbstractCellController.m */; };
		4FE162E510FBD6D5002F5B37 /* CKButtonCellController.h in Headers */ = {isa = PBXBuildFile; fileRef = 4FE162DD10FBD6D5002F5B37 /* CKButtonCellController.h */; settings = {ATTRIBUTES = (Public, ); }; };
		4FE162E610FBD6D5002F5B37 /* CKButtonCellController.m in Sources */ = {isa = PBXBuildFile; fileRef = 4FE162DE10FBD6D5002F5B37 /* CKButtonCellController.m */; };
		4FE162E710FBD6D5002F5B37 /* CKImageCellController.h in Headers */ = {isa = PBXBuildFile; fileRef = 4FE162DF10FBD6D5002F5B37 /* CKImageCellController.h */; settings = {ATTRIBUTES = (Public, ); }; };
		4FE162E810FBD6D5002F5B37 /* CKImageCellController.m in Sources */ = {isa = PBXBuildFile; fileRef = 4FE162E010FBD6D5002F5B37 /* CKImageCellController.m */; };
		4FE162E910FBD6D5002F5B37 /* CKValueCellController.h in Headers */ = {isa = PBXBuildFile; fileRef = 4FE162E110FBD6D5002F5B37 /* CKValueCellController.h */; settings = {ATTRIBUTES = (Public, ); }; };
		4FE162EA10FBD6D5002F5B37 /* CKValueCellController.m in Sources */ = {isa = PBXBuildFile; fileRef = 4FE162E210FBD6D5002F5B37 /* CKValueCellController.m */; };
		712E0FE110A4C74900DF6562 /* CKAddressBook.h in Headers */ = {isa = PBXBuildFile; fileRef = 71AD9D6610A35F4500C88903 /* CKAddressBook.h */; settings = {ATTRIBUTES = (Public, ); }; };
		712E0FE210A4C74A00DF6562 /* CKAddressBook.m in Sources */ = {isa = PBXBuildFile; fileRef = 71AD9D6710A35F4500C88903 /* CKAddressBook.m */; };
		712E100F10A4C83100DF6562 /* AddressBook.framework in Frameworks */ = {isa = PBXBuildFile; fileRef = 71AD9DE410A3629300C88903 /* AddressBook.framework */; };
		712E101010A4C83100DF6562 /* CFNetwork.framework in Frameworks */ = {isa = PBXBuildFile; fileRef = 71AD9EEA10A36F6D00C88903 /* CFNetwork.framework */; };
		712E101110A4C83100DF6562 /* Foundation.framework in Frameworks */ = {isa = PBXBuildFile; fileRef = AACBBE490F95108600F1A2B1 /* Foundation.framework */; };
		712E101210A4C83100DF6562 /* SystemConfiguration.framework in Frameworks */ = {isa = PBXBuildFile; fileRef = 71AD9DF110A362C200C88903 /* SystemConfiguration.framework */; };
		712E101310A4C83100DF6562 /* UIKit.framework in Frameworks */ = {isa = PBXBuildFile; fileRef = 71AD9DFB10A362E100C88903 /* UIKit.framework */; };
		712E101410A4C83100DF6562 /* libicucore.dylib in Frameworks */ = {isa = PBXBuildFile; fileRef = 71AD9F1710A36FFE00C88903 /* libicucore.dylib */; };
		712E101510A4C83100DF6562 /* libz.1.2.3.dylib in Frameworks */ = {isa = PBXBuildFile; fileRef = 71AD9EEE10A36F9200C88903 /* libz.1.2.3.dylib */; };
		712E109910A4CB0000DF6562 /* libxml2.dylib in Frameworks */ = {isa = PBXBuildFile; fileRef = 712E109810A4CB0000DF6562 /* libxml2.dylib */; };
		712E10A310A4CB6B00DF6562 /* CKNSArrayAdditionsTestCase.m in Sources */ = {isa = PBXBuildFile; fileRef = 712E10A210A4CB6B00DF6562 /* CKNSArrayAdditionsTestCase.m */; };
		712E10F510A4D9BF00DF6562 /* SenTestingKit.framework in Frameworks */ = {isa = PBXBuildFile; fileRef = 7173D28F10A4BD98004E9621 /* SenTestingKit.framework */; };
		712E116210A4DBAB00DF6562 /* libxml2.dylib in Frameworks */ = {isa = PBXBuildFile; fileRef = 712E109810A4CB0000DF6562 /* libxml2.dylib */; };
		712E7C6410D199A7008DC18C /* IFButtonCellController.h in Headers */ = {isa = PBXBuildFile; fileRef = 712E7C4810D199A7008DC18C /* IFButtonCellController.h */; settings = {ATTRIBUTES = (Public, ); }; };
		712E7C6510D199A7008DC18C /* IFButtonCellController.m in Sources */ = {isa = PBXBuildFile; fileRef = 712E7C4910D199A7008DC18C /* IFButtonCellController.m */; };
		712E7C6610D199A7008DC18C /* IFCellController.h in Headers */ = {isa = PBXBuildFile; fileRef = 712E7C4A10D199A7008DC18C /* IFCellController.h */; settings = {ATTRIBUTES = (Public, ); }; };
		712E7C6710D199A7008DC18C /* IFCellModel.h in Headers */ = {isa = PBXBuildFile; fileRef = 712E7C4B10D199A7008DC18C /* IFCellModel.h */; settings = {ATTRIBUTES = (Public, ); }; };
		712E7C6810D199A7008DC18C /* IFChoiceCellController.h in Headers */ = {isa = PBXBuildFile; fileRef = 712E7C4C10D199A7008DC18C /* IFChoiceCellController.h */; settings = {ATTRIBUTES = (Public, ); }; };
		712E7C6910D199A7008DC18C /* IFChoiceCellController.m in Sources */ = {isa = PBXBuildFile; fileRef = 712E7C4D10D199A7008DC18C /* IFChoiceCellController.m */; };
		712E7C6A10D199A7008DC18C /* IFChoiceTableViewController.h in Headers */ = {isa = PBXBuildFile; fileRef = 712E7C4E10D199A7008DC18C /* IFChoiceTableViewController.h */; settings = {ATTRIBUTES = (Public, ); }; };
		712E7C6B10D199A7008DC18C /* IFChoiceTableViewController.m in Sources */ = {isa = PBXBuildFile; fileRef = 712E7C4F10D199A7008DC18C /* IFChoiceTableViewController.m */; };
		712E7C6C10D199A7008DC18C /* IFControlTableViewCell.h in Headers */ = {isa = PBXBuildFile; fileRef = 712E7C5010D199A7008DC18C /* IFControlTableViewCell.h */; settings = {ATTRIBUTES = (Public, ); }; };
		712E7C6D10D199A7008DC18C /* IFControlTableViewCell.m in Sources */ = {isa = PBXBuildFile; fileRef = 712E7C5110D199A7008DC18C /* IFControlTableViewCell.m */; };
		712E7C6E10D199A7008DC18C /* IFGenericTableViewController.h in Headers */ = {isa = PBXBuildFile; fileRef = 712E7C5210D199A7008DC18C /* IFGenericTableViewController.h */; settings = {ATTRIBUTES = (Public, ); }; };
		712E7C6F10D199A7008DC18C /* IFGenericTableViewController.m in Sources */ = {isa = PBXBuildFile; fileRef = 712E7C5310D199A7008DC18C /* IFGenericTableViewController.m */; };
		712E7C7010D199A7008DC18C /* IFLinkCellController.h in Headers */ = {isa = PBXBuildFile; fileRef = 712E7C5410D199A7008DC18C /* IFLinkCellController.h */; settings = {ATTRIBUTES = (Public, ); }; };
		712E7C7110D199A7008DC18C /* IFLinkCellController.m in Sources */ = {isa = PBXBuildFile; fileRef = 712E7C5510D199A7008DC18C /* IFLinkCellController.m */; };
		712E7C7210D199A7008DC18C /* IFNamedImage.h in Headers */ = {isa = PBXBuildFile; fileRef = 712E7C5610D199A7008DC18C /* IFNamedImage.h */; settings = {ATTRIBUTES = (Public, ); }; };
		712E7C7310D199A7008DC18C /* IFNamedImage.m in Sources */ = {isa = PBXBuildFile; fileRef = 712E7C5710D199A7008DC18C /* IFNamedImage.m */; };
		712E7C7410D199A7008DC18C /* IFPreferencesModel.h in Headers */ = {isa = PBXBuildFile; fileRef = 712E7C5810D199A7008DC18C /* IFPreferencesModel.h */; settings = {ATTRIBUTES = (Public, ); }; };
		712E7C7510D199A7008DC18C /* IFPreferencesModel.m in Sources */ = {isa = PBXBuildFile; fileRef = 712E7C5910D199A7008DC18C /* IFPreferencesModel.m */; };
		712E7C7610D199A7008DC18C /* IFSwitchCellController.h in Headers */ = {isa = PBXBuildFile; fileRef = 712E7C5A10D199A7008DC18C /* IFSwitchCellController.h */; settings = {ATTRIBUTES = (Public, ); }; };
		712E7C7710D199A7008DC18C /* IFSwitchCellController.m in Sources */ = {isa = PBXBuildFile; fileRef = 712E7C5B10D199A7008DC18C /* IFSwitchCellController.m */; };
		712E7C7810D199A7008DC18C /* IFTemporaryModel.h in Headers */ = {isa = PBXBuildFile; fileRef = 712E7C5C10D199A7008DC18C /* IFTemporaryModel.h */; settings = {ATTRIBUTES = (Public, ); }; };
		712E7C7910D199A7008DC18C /* IFTemporaryModel.m in Sources */ = {isa = PBXBuildFile; fileRef = 712E7C5D10D199A7008DC18C /* IFTemporaryModel.m */; };
		712E7C7A10D199A7008DC18C /* IFTextCellController.h in Headers */ = {isa = PBXBuildFile; fileRef = 712E7C5E10D199A7008DC18C /* IFTextCellController.h */; settings = {ATTRIBUTES = (Public, ); }; };
		712E7C7B10D199A7008DC18C /* IFTextCellController.m in Sources */ = {isa = PBXBuildFile; fileRef = 712E7C5F10D199A7008DC18C /* IFTextCellController.m */; };
		712E7C7C10D199A7008DC18C /* IFTextViewTableView.h in Headers */ = {isa = PBXBuildFile; fileRef = 712E7C6010D199A7008DC18C /* IFTextViewTableView.h */; settings = {ATTRIBUTES = (Public, ); }; };
		712E7C7D10D199A7008DC18C /* IFTextViewTableView.m in Sources */ = {isa = PBXBuildFile; fileRef = 712E7C6110D199A7008DC18C /* IFTextViewTableView.m */; };
		712E7C7E10D199A7008DC18C /* IFValueCellController.h in Headers */ = {isa = PBXBuildFile; fileRef = 712E7C6210D199A7008DC18C /* IFValueCellController.h */; settings = {ATTRIBUTES = (Public, ); }; };
		712E7C7F10D199A7008DC18C /* IFValueCellController.m in Sources */ = {isa = PBXBuildFile; fileRef = 712E7C6310D199A7008DC18C /* IFValueCellController.m */; };
		713F4ABB10FB79C7005367AB /* CKStoreTestCase.m in Sources */ = {isa = PBXBuildFile; fileRef = 713F4ABA10FB79C7005367AB /* CKStoreTestCase.m */; };
		713F4AF410FB7BC9005367AB /* libCloudKit.a in Frameworks */ = {isa = PBXBuildFile; fileRef = D2AAC07E0554694100DB518D /* libCloudKit.a */; };
		713F4B0B10FB7C78005367AB /* CKNSDate+Calculations.m in Sources */ = {isa = PBXBuildFile; fileRef = 715E0CBA10DB063000AA4B07 /* CKNSDate+Calculations.m */; };
		713F4B0C10FB7C78005367AB /* CKNSDate+Conversions.m in Sources */ = {isa = PBXBuildFile; fileRef = 715E0CC510DB073C00AA4B07 /* CKNSDate+Conversions.m */; };
		713F4B0D10FB7C7A005367AB /* CKNSString+Validations.m in Sources */ = {isa = PBXBuildFile; fileRef = 715E0CF410DB0AB300AA4B07 /* CKNSString+Validations.m */; };
		713F4B1510FB7CB4005367AB /* CoreData.framework in Frameworks */ = {isa = PBXBuildFile; fileRef = 713F4B1410FB7CB4005367AB /* CoreData.framework */; };
		715E0A7E10DADE5900AA4B07 /* CKNSDateAdditionsTestCase.m in Sources */ = {isa = PBXBuildFile; fileRef = 715E0A7D10DADE5900AA4B07 /* CKNSDateAdditionsTestCase.m */; };
		715E0B2B10DADFD300AA4B07 /* CoreGraphics.framework in Frameworks */ = {isa = PBXBuildFile; fileRef = 715E0B2A10DADFD300AA4B07 /* CoreGraphics.framework */; };
		715E0B3010DADFE100AA4B07 /* CoreGraphics.framework in Frameworks */ = {isa = PBXBuildFile; fileRef = 715E0B2A10DADFD300AA4B07 /* CoreGraphics.framework */; };
		715E0CBC10DB069000AA4B07 /* CKNSDate+Calculations.h in Headers */ = {isa = PBXBuildFile; fileRef = 715E0CB910DB063000AA4B07 /* CKNSDate+Calculations.h */; settings = {ATTRIBUTES = (Public, ); }; };
		715E0CCE10DB07B100AA4B07 /* CKNSDate+Conversions.h in Headers */ = {isa = PBXBuildFile; fileRef = 715E0CC410DB073C00AA4B07 /* CKNSDate+Conversions.h */; settings = {ATTRIBUTES = (Public, ); }; };
		715E0CF810DB0BDE00AA4B07 /* CKNSString+Validations.h in Headers */ = {isa = PBXBuildFile; fileRef = 715E0CF310DB0AB300AA4B07 /* CKNSString+Validations.h */; settings = {ATTRIBUTES = (Public, ); }; };
		7173D28310A4B2FA004E9621 /* CKNSSetAdditions.h in Headers */ = {isa = PBXBuildFile; fileRef = 7173D28110A4B2FA004E9621 /* CKNSSetAdditions.h */; settings = {ATTRIBUTES = (Public, ); }; };
		7173D28410A4B2FA004E9621 /* CKNSSetAdditions.m in Sources */ = {isa = PBXBuildFile; fileRef = 7173D28210A4B2FA004E9621 /* CKNSSetAdditions.m */; };
		7173D29010A4BD98004E9621 /* SenTestingKit.framework in Frameworks */ = {isa = PBXBuildFile; fileRef = 7173D28F10A4BD98004E9621 /* SenTestingKit.framework */; };
		719F05CE10F6A818002955C0 /* CKAttribute.h in Headers */ = {isa = PBXBuildFile; fileRef = 719F05CC10F6A818002955C0 /* CKAttribute.h */; settings = {ATTRIBUTES = (Public, ); }; };
		719F05CF10F6A818002955C0 /* CKAttribute.m in Sources */ = {isa = PBXBuildFile; fileRef = 719F05CD10F6A818002955C0 /* CKAttribute.m */; };
		719F062B10F6E749002955C0 /* CKDomain.h in Headers */ = {isa = PBXBuildFile; fileRef = 719F062710F6E749002955C0 /* CKDomain.h */; settings = {ATTRIBUTES = (Public, ); }; };
		719F062C10F6E749002955C0 /* CKDomain.m in Sources */ = {isa = PBXBuildFile; fileRef = 719F062810F6E749002955C0 /* CKDomain.m */; };
		719F062D10F6E749002955C0 /* CKItem.h in Headers */ = {isa = PBXBuildFile; fileRef = 719F062910F6E749002955C0 /* CKItem.h */; settings = {ATTRIBUTES = (Public, ); }; };
		719F062E10F6E749002955C0 /* CKItem.m in Sources */ = {isa = PBXBuildFile; fileRef = 719F062A10F6E749002955C0 /* CKItem.m */; };
		719F063B10F6ED27002955C0 /* CKStore.h in Headers */ = {isa = PBXBuildFile; fileRef = 719F063910F6ED27002955C0 /* CKStore.h */; settings = {ATTRIBUTES = (Public, ); }; };
		719F067A10F6F39E002955C0 /* CKStore.m in Sources */ = {isa = PBXBuildFile; fileRef = 719F063A10F6ED27002955C0 /* CKStore.m */; };
		71AD9D7810A35F4600C88903 /* CKNSArrayAdditions.h in Headers */ = {isa = PBXBuildFile; fileRef = 71AD9D6810A35F4500C88903 /* CKNSArrayAdditions.h */; settings = {ATTRIBUTES = (Public, ); }; };
		71AD9D7910A35F4600C88903 /* CKNSArrayAdditions.m in Sources */ = {isa = PBXBuildFile; fileRef = 71AD9D6910A35F4500C88903 /* CKNSArrayAdditions.m */; };
		71AD9D7A10A35F4600C88903 /* CKNSDataAdditions.h in Headers */ = {isa = PBXBuildFile; fileRef = 71AD9D6A10A35F4500C88903 /* CKNSDataAdditions.h */; settings = {ATTRIBUTES = (Public, ); }; };
		71AD9D7B10A35F4600C88903 /* CKNSDateAdditions.h in Headers */ = {isa = PBXBuildFile; fileRef = 71AD9D6B10A35F4500C88903 /* CKNSDateAdditions.h */; settings = {ATTRIBUTES = (Public, ); }; };
		71AD9D7D10A35F4600C88903 /* CKNSStringAdditions.h in Headers */ = {isa = PBXBuildFile; fileRef = 71AD9D6D10A35F4500C88903 /* CKNSStringAdditions.h */; settings = {ATTRIBUTES = (Public, ); }; };
		71AD9D7E10A35F4600C88903 /* CKNSStringAdditions.m in Sources */ = {isa = PBXBuildFile; fileRef = 71AD9D6E10A35F4500C88903 /* CKNSStringAdditions.m */; };
		71AD9D7F10A35F4600C88903 /* CKDebug.h in Headers */ = {isa = PBXBuildFile; fileRef = 71AD9D6F10A35F4500C88903 /* CKDebug.h */; settings = {ATTRIBUTES = (Public, ); }; };
		71AD9D8010A35F4600C88903 /* CKNSData+Base64.h in Headers */ = {isa = PBXBuildFile; fileRef = 71AD9D7010A35F4500C88903 /* CKNSData+Base64.h */; settings = {ATTRIBUTES = (Public, ); }; };
		71AD9D8110A35F4600C88903 /* CKNSData+Base64.m in Sources */ = {isa = PBXBuildFile; fileRef = 71AD9D7110A35F4500C88903 /* CKNSData+Base64.m */; };
		71AD9D8210A35F4600C88903 /* CKNSData+SHA1.h in Headers */ = {isa = PBXBuildFile; fileRef = 71AD9D7210A35F4500C88903 /* CKNSData+SHA1.h */; settings = {ATTRIBUTES = (Public, ); }; };
		71AD9D8310A35F4600C88903 /* CKNSData+SHA1.m in Sources */ = {isa = PBXBuildFile; fileRef = 71AD9D7310A35F4500C88903 /* CKNSData+SHA1.m */; };
		71AD9D8410A35F4600C88903 /* CKNSString+URIQuery.h in Headers */ = {isa = PBXBuildFile; fileRef = 71AD9D7410A35F4500C88903 /* CKNSString+URIQuery.h */; settings = {ATTRIBUTES = (Public, ); }; };
		71AD9D8510A35F4600C88903 /* CKNSString+URIQuery.m in Sources */ = {isa = PBXBuildFile; fileRef = 71AD9D7510A35F4500C88903 /* CKNSString+URIQuery.m */; };
		71AD9D9410A361EE00C88903 /* CloudKit_Prefix.pch in Headers */ = {isa = PBXBuildFile; fileRef = AA747D9E0F9514B9006C5449 /* CloudKit_Prefix.pch */; settings = {ATTRIBUTES = (); }; };
		71AD9DE510A3629300C88903 /* AddressBook.framework in Frameworks */ = {isa = PBXBuildFile; fileRef = 71AD9DE410A3629300C88903 /* AddressBook.framework */; };
		71AD9DF210A362C200C88903 /* SystemConfiguration.framework in Frameworks */ = {isa = PBXBuildFile; fileRef = 71AD9DF110A362C200C88903 /* SystemConfiguration.framework */; };
		71AD9DFC10A362E100C88903 /* UIKit.framework in Frameworks */ = {isa = PBXBuildFile; fileRef = 71AD9DFB10A362E100C88903 /* UIKit.framework */; };
		71AD9EEB10A36F6D00C88903 /* CFNetwork.framework in Frameworks */ = {isa = PBXBuildFile; fileRef = 71AD9EEA10A36F6D00C88903 /* CFNetwork.framework */; };
		71AD9EEF10A36F9200C88903 /* libz.1.2.3.dylib in Frameworks */ = {isa = PBXBuildFile; fileRef = 71AD9EEE10A36F9200C88903 /* libz.1.2.3.dylib */; };
		71AD9F1810A36FFE00C88903 /* libicucore.dylib in Frameworks */ = {isa = PBXBuildFile; fileRef = 71AD9F1710A36FFE00C88903 /* libicucore.dylib */; };
		71AD9FEE10A3715200C88903 /* ASIFormDataRequest.h in Headers */ = {isa = PBXBuildFile; fileRef = 71AD9FDC10A3715200C88903 /* ASIFormDataRequest.h */; settings = {ATTRIBUTES = (Public, ); }; };
		71AD9FEF10A3715200C88903 /* ASIFormDataRequest.m in Sources */ = {isa = PBXBuildFile; fileRef = 71AD9FDD10A3715200C88903 /* ASIFormDataRequest.m */; };
		71AD9FF010A3715200C88903 /* ASIHTTPRequest.h in Headers */ = {isa = PBXBuildFile; fileRef = 71AD9FDE10A3715200C88903 /* ASIHTTPRequest.h */; settings = {ATTRIBUTES = (Public, ); }; };
		71AD9FF110A3715200C88903 /* ASIHTTPRequest.m in Sources */ = {isa = PBXBuildFile; fileRef = 71AD9FDF10A3715200C88903 /* ASIHTTPRequest.m */; };
		71AD9FF210A3715200C88903 /* ASIInputStream.h in Headers */ = {isa = PBXBuildFile; fileRef = 71AD9FE010A3715200C88903 /* ASIInputStream.h */; settings = {ATTRIBUTES = (Public, ); }; };
		71AD9FF310A3715200C88903 /* ASIInputStream.m in Sources */ = {isa = PBXBuildFile; fileRef = 71AD9FE110A3715200C88903 /* ASIInputStream.m */; };
		71AD9FF410A3715200C88903 /* ASINetworkQueue.h in Headers */ = {isa = PBXBuildFile; fileRef = 71AD9FE210A3715200C88903 /* ASINetworkQueue.h */; settings = {ATTRIBUTES = (Public, ); }; };
		71AD9FF510A3715200C88903 /* ASINetworkQueue.m in Sources */ = {isa = PBXBuildFile; fileRef = 71AD9FE310A3715200C88903 /* ASINetworkQueue.m */; };
		71AD9FF610A3715200C88903 /* ASINSStringAdditions.h in Headers */ = {isa = PBXBuildFile; fileRef = 71AD9FE410A3715200C88903 /* ASINSStringAdditions.h */; settings = {ATTRIBUTES = (Public, ); }; };
		71AD9FF710A3715200C88903 /* ASINSStringAdditions.m in Sources */ = {isa = PBXBuildFile; fileRef = 71AD9FE510A3715200C88903 /* ASINSStringAdditions.m */; };
		71AD9FF810A3715200C88903 /* ASIS3BucketObject.h in Headers */ = {isa = PBXBuildFile; fileRef = 71AD9FE610A3715200C88903 /* ASIS3BucketObject.h */; settings = {ATTRIBUTES = (Public, ); }; };
		71AD9FF910A3715200C88903 /* ASIS3BucketObject.m in Sources */ = {isa = PBXBuildFile; fileRef = 71AD9FE710A3715200C88903 /* ASIS3BucketObject.m */; };
		71AD9FFA10A3715200C88903 /* ASIS3ListRequest.h in Headers */ = {isa = PBXBuildFile; fileRef = 71AD9FE810A3715200C88903 /* ASIS3ListRequest.h */; settings = {ATTRIBUTES = (Public, ); }; };
		71AD9FFB10A3715200C88903 /* ASIS3ListRequest.m in Sources */ = {isa = PBXBuildFile; fileRef = 71AD9FE910A3715200C88903 /* ASIS3ListRequest.m */; };
		71AD9FFC10A3715200C88903 /* ASIS3Request.h in Headers */ = {isa = PBXBuildFile; fileRef = 71AD9FEA10A3715200C88903 /* ASIS3Request.h */; settings = {ATTRIBUTES = (Public, ); }; };
		71AD9FFD10A3715200C88903 /* ASIS3Request.m in Sources */ = {isa = PBXBuildFile; fileRef = 71AD9FEB10A3715200C88903 /* ASIS3Request.m */; };
		71ADA00B10A371C900C88903 /* Reachability.h in Headers */ = {isa = PBXBuildFile; fileRef = 71ADA00910A371C900C88903 /* Reachability.h */; settings = {ATTRIBUTES = (Public, ); }; };
		71ADA00C10A371C900C88903 /* Reachability.m in Sources */ = {isa = PBXBuildFile; fileRef = 71ADA00A10A371C900C88903 /* Reachability.m */; };
		71ADA01610A3720400C88903 /* ASIAuthenticationDialog.h in Headers */ = {isa = PBXBuildFile; fileRef = 71ADA01410A3720400C88903 /* ASIAuthenticationDialog.h */; settings = {ATTRIBUTES = (Public, ); }; };
		71ADA01710A3720400C88903 /* ASIAuthenticationDialog.m in Sources */ = {isa = PBXBuildFile; fileRef = 71ADA01510A3720400C88903 /* ASIAuthenticationDialog.m */; };
		71ADA02010A3727700C88903 /* RegexKitLite.h in Headers */ = {isa = PBXBuildFile; fileRef = 71ADA01E10A3727700C88903 /* RegexKitLite.h */; settings = {ATTRIBUTES = (Public, ); }; };
		71ADA02110A3727700C88903 /* RegexKitLite.m in Sources */ = {isa = PBXBuildFile; fileRef = 71ADA01F10A3727700C88903 /* RegexKitLite.m */; };
		71ADA03710A372D200C88903 /* CDataScanner.h in Headers */ = {isa = PBXBuildFile; fileRef = 71ADA02510A372D200C88903 /* CDataScanner.h */; settings = {ATTRIBUTES = (Public, ); }; };
		71ADA03810A372D200C88903 /* CDataScanner.m in Sources */ = {isa = PBXBuildFile; fileRef = 71ADA02610A372D200C88903 /* CDataScanner.m */; };
		71ADA03910A372D200C88903 /* CDataScanner_Extensions.h in Headers */ = {isa = PBXBuildFile; fileRef = 71ADA02810A372D200C88903 /* CDataScanner_Extensions.h */; settings = {ATTRIBUTES = (Public, ); }; };
		71ADA03A10A372D200C88903 /* CDataScanner_Extensions.m in Sources */ = {isa = PBXBuildFile; fileRef = 71ADA02910A372D200C88903 /* CDataScanner_Extensions.m */; };
		71ADA03B10A372D200C88903 /* NSCharacterSet_Extensions.h in Headers */ = {isa = PBXBuildFile; fileRef = 71ADA02A10A372D200C88903 /* NSCharacterSet_Extensions.h */; settings = {ATTRIBUTES = (Public, ); }; };
		71ADA03C10A372D200C88903 /* NSCharacterSet_Extensions.m in Sources */ = {isa = PBXBuildFile; fileRef = 71ADA02B10A372D200C88903 /* NSCharacterSet_Extensions.m */; };
		71ADA03D10A372D200C88903 /* NSDictionary_JSONExtensions.h in Headers */ = {isa = PBXBuildFile; fileRef = 71ADA02C10A372D200C88903 /* NSDictionary_JSONExtensions.h */; settings = {ATTRIBUTES = (Public, ); }; };
		71ADA03E10A372D200C88903 /* NSDictionary_JSONExtensions.m in Sources */ = {isa = PBXBuildFile; fileRef = 71ADA02D10A372D200C88903 /* NSDictionary_JSONExtensions.m */; };
		71ADA03F10A372D200C88903 /* NSScanner_Extensions.h in Headers */ = {isa = PBXBuildFile; fileRef = 71ADA02E10A372D200C88903 /* NSScanner_Extensions.h */; settings = {ATTRIBUTES = (Public, ); }; };
		71ADA04010A372D200C88903 /* NSScanner_Extensions.m in Sources */ = {isa = PBXBuildFile; fileRef = 71ADA02F10A372D200C88903 /* NSScanner_Extensions.m */; };
		71ADA04110A372D200C88903 /* CJSONDeserializer.h in Headers */ = {isa = PBXBuildFile; fileRef = 71ADA03110A372D200C88903 /* CJSONDeserializer.h */; settings = {ATTRIBUTES = (Public, ); }; };
		71ADA04210A372D200C88903 /* CJSONDeserializer.m in Sources */ = {isa = PBXBuildFile; fileRef = 71ADA03210A372D200C88903 /* CJSONDeserializer.m */; };
		71ADA04310A372D200C88903 /* CJSONScanner.h in Headers */ = {isa = PBXBuildFile; fileRef = 71ADA03310A372D200C88903 /* CJSONScanner.h */; settings = {ATTRIBUTES = (Public, ); }; };
		71ADA04410A372D200C88903 /* CJSONScanner.m in Sources */ = {isa = PBXBuildFile; fileRef = 71ADA03410A372D200C88903 /* CJSONScanner.m */; };
		71ADA04510A372D200C88903 /* CJSONSerializer.h in Headers */ = {isa = PBXBuildFile; fileRef = 71ADA03510A372D200C88903 /* CJSONSerializer.h */; settings = {ATTRIBUTES = (Public, ); }; };
		71ADA04610A372D200C88903 /* CJSONSerializer.m in Sources */ = {isa = PBXBuildFile; fileRef = 71ADA03610A372D200C88903 /* CJSONSerializer.m */; };
		71ADA06C10A3740400C88903 /* CXMLDocument_CreationExtensions.h in Headers */ = {isa = PBXBuildFile; fileRef = 71ADA05410A3740400C88903 /* CXMLDocument_CreationExtensions.h */; settings = {ATTRIBUTES = (Public, ); }; };
		71ADA06D10A3740400C88903 /* CXMLDocument_CreationExtensions.m in Sources */ = {isa = PBXBuildFile; fileRef = 71ADA05510A3740400C88903 /* CXMLDocument_CreationExtensions.m */; };
		71ADA06E10A3740400C88903 /* CXMLNode_CreationExtensions.h in Headers */ = {isa = PBXBuildFile; fileRef = 71ADA05610A3740400C88903 /* CXMLNode_CreationExtensions.h */; settings = {ATTRIBUTES = (Public, ); }; };
		71ADA06F10A3740400C88903 /* CXMLNode_CreationExtensions.m in Sources */ = {isa = PBXBuildFile; fileRef = 71ADA05710A3740400C88903 /* CXMLNode_CreationExtensions.m */; };
		71ADA07010A3740400C88903 /* CXMLDocument_PrivateExtensions.h in Headers */ = {isa = PBXBuildFile; fileRef = 71ADA05810A3740400C88903 /* CXMLDocument_PrivateExtensions.h */; settings = {ATTRIBUTES = (Public, ); }; };
		71ADA07110A3740400C88903 /* CXMLDocument_PrivateExtensions.m in Sources */ = {isa = PBXBuildFile; fileRef = 71ADA05910A3740400C88903 /* CXMLDocument_PrivateExtensions.m */; };
		71ADA07210A3740400C88903 /* CXMLDocument.h in Headers */ = {isa = PBXBuildFile; fileRef = 71ADA05A10A3740400C88903 /* CXMLDocument.h */; settings = {ATTRIBUTES = (Public, ); }; };
		71ADA07310A3740400C88903 /* CXMLDocument.m in Sources */ = {isa = PBXBuildFile; fileRef = 71ADA05B10A3740400C88903 /* CXMLDocument.m */; };
		71ADA07410A3740400C88903 /* CXMLElement_CreationExtensions.h in Headers */ = {isa = PBXBuildFile; fileRef = 71ADA05C10A3740400C88903 /* CXMLElement_CreationExtensions.h */; settings = {ATTRIBUTES = (Public, ); }; };
		71ADA07510A3740400C88903 /* CXMLElement_CreationExtensions.m in Sources */ = {isa = PBXBuildFile; fileRef = 71ADA05D10A3740400C88903 /* CXMLElement_CreationExtensions.m */; };
		71ADA07610A3740400C88903 /* CXMLElement_ElementTreeExtensions.h in Headers */ = {isa = PBXBuildFile; fileRef = 71ADA05E10A3740400C88903 /* CXMLElement_ElementTreeExtensions.h */; settings = {ATTRIBUTES = (Public, ); }; };
		71ADA07710A3740400C88903 /* CXMLElement_ElementTreeExtensions.m in Sources */ = {isa = PBXBuildFile; fileRef = 71ADA05F10A3740400C88903 /* CXMLElement_ElementTreeExtensions.m */; };
		71ADA07810A3740400C88903 /* CXMLElement.h in Headers */ = {isa = PBXBuildFile; fileRef = 71ADA06010A3740400C88903 /* CXMLElement.h */; settings = {ATTRIBUTES = (Public, ); }; };
		71ADA07910A3740400C88903 /* CXMLElement.m in Sources */ = {isa = PBXBuildFile; fileRef = 71ADA06110A3740400C88903 /* CXMLElement.m */; };
		71ADA07A10A3740400C88903 /* CXMLNode_PrivateExtensions.h in Headers */ = {isa = PBXBuildFile; fileRef = 71ADA06210A3740400C88903 /* CXMLNode_PrivateExtensions.h */; settings = {ATTRIBUTES = (Public, ); }; };
		71ADA07B10A3740400C88903 /* CXMLNode_PrivateExtensions.m in Sources */ = {isa = PBXBuildFile; fileRef = 71ADA06310A3740400C88903 /* CXMLNode_PrivateExtensions.m */; };
		71ADA07C10A3740400C88903 /* CXMLNode_XPathExtensions.h in Headers */ = {isa = PBXBuildFile; fileRef = 71ADA06410A3740400C88903 /* CXMLNode_XPathExtensions.h */; settings = {ATTRIBUTES = (Public, ); }; };
		71ADA07D10A3740400C88903 /* CXMLNode_XPathExtensions.m in Sources */ = {isa = PBXBuildFile; fileRef = 71ADA06510A3740400C88903 /* CXMLNode_XPathExtensions.m */; };
		71ADA07E10A3740400C88903 /* CXMLNode.h in Headers */ = {isa = PBXBuildFile; fileRef = 71ADA06610A3740400C88903 /* CXMLNode.h */; settings = {ATTRIBUTES = (Public, ); }; };
		71ADA07F10A3740400C88903 /* CXMLNode.m in Sources */ = {isa = PBXBuildFile; fileRef = 71ADA06710A3740400C88903 /* CXMLNode.m */; };
		71ADA08210A3740400C88903 /* TouchXML.h in Headers */ = {isa = PBXBuildFile; fileRef = 71ADA06B10A3740400C88903 /* TouchXML.h */; settings = {ATTRIBUTES = (Public, ); }; };
		71B1975910F3EC26007F551A /* CKCoreDataManager.h in Headers */ = {isa = PBXBuildFile; fileRef = 71B1975710F3EC26007F551A /* CKCoreDataManager.h */; settings = {ATTRIBUTES = (Public, ); }; };
		71B1975A10F3EC26007F551A /* CKCoreDataManager.m in Sources */ = {isa = PBXBuildFile; fileRef = 71B1975810F3EC26007F551A /* CKCoreDataManager.m */; };
		71B1980710F40D22007F551A /* CKNSManagedObjectContext+Requests.h in Headers */ = {isa = PBXBuildFile; fileRef = 71B1980510F40D22007F551A /* CKNSManagedObjectContext+Requests.h */; settings = {ATTRIBUTES = (Public, ); }; };
		71B1980810F40D22007F551A /* CKNSManagedObjectContext+Requests.m in Sources */ = {isa = PBXBuildFile; fileRef = 71B1980610F40D22007F551A /* CKNSManagedObjectContext+Requests.m */; };
		AACBBE4A0F95108600F1A2B1 /* Foundation.framework in Frameworks */ = {isa = PBXBuildFile; fileRef = AACBBE490F95108600F1A2B1 /* Foundation.framework */; };
/* End PBXBuildFile section */

/* Begin PBXContainerItemProxy section */
		713F4AEF10FB7BAA005367AB /* PBXContainerItemProxy */ = {
			isa = PBXContainerItemProxy;
			containerPortal = 0867D690FE84028FC02AAC07 /* Project object */;
			proxyType = 1;
			remoteGlobalIDString = D2AAC07D0554694100DB518D;
			remoteInfo = CloudKit;
		};
/* End PBXContainerItemProxy section */

/* Begin PBXFileReference section */
		4FE162DB10FBD6D5002F5B37 /* CKAbstractCellController.h */ = {isa = PBXFileReference; fileEncoding = 4; lastKnownFileType = sourcecode.c.h; name = CKAbstractCellController.h; path = Classes/CKAbstractCellController.h; sourceTree = "<group>"; };
		4FE162DC10FBD6D5002F5B37 /* CKAbstractCellController.m */ = {isa = PBXFileReference; fileEncoding = 4; lastKnownFileType = sourcecode.c.objc; name = CKAbstractCellController.m; path = Classes/CKAbstractCellController.m; sourceTree = "<group>"; };
		4FE162DD10FBD6D5002F5B37 /* CKButtonCellController.h */ = {isa = PBXFileReference; fileEncoding = 4; lastKnownFileType = sourcecode.c.h; name = CKButtonCellController.h; path = Classes/CKButtonCellController.h; sourceTree = "<group>"; };
		4FE162DE10FBD6D5002F5B37 /* CKButtonCellController.m */ = {isa = PBXFileReference; fileEncoding = 4; lastKnownFileType = sourcecode.c.objc; name = CKButtonCellController.m; path = Classes/CKButtonCellController.m; sourceTree = "<group>"; };
		4FE162DF10FBD6D5002F5B37 /* CKImageCellController.h */ = {isa = PBXFileReference; fileEncoding = 4; lastKnownFileType = sourcecode.c.h; name = CKImageCellController.h; path = Classes/CKImageCellController.h; sourceTree = "<group>"; };
		4FE162E010FBD6D5002F5B37 /* CKImageCellController.m */ = {isa = PBXFileReference; fileEncoding = 4; lastKnownFileType = sourcecode.c.objc; name = CKImageCellController.m; path = Classes/CKImageCellController.m; sourceTree = "<group>"; };
		4FE162E110FBD6D5002F5B37 /* CKValueCellController.h */ = {isa = PBXFileReference; fileEncoding = 4; lastKnownFileType = sourcecode.c.h; name = CKValueCellController.h; path = Classes/CKValueCellController.h; sourceTree = "<group>"; };
		4FE162E210FBD6D5002F5B37 /* CKValueCellController.m */ = {isa = PBXFileReference; fileEncoding = 4; lastKnownFileType = sourcecode.c.objc; name = CKValueCellController.m; path = Classes/CKValueCellController.m; sourceTree = "<group>"; };
		712E100310A4C7E700DF6562 /* UnitTests.octest */ = {isa = PBXFileReference; explicitFileType = wrapper.cfbundle; includeInIndex = 0; path = UnitTests.octest; sourceTree = BUILT_PRODUCTS_DIR; };
		712E100410A4C7E700DF6562 /* UnitTests-Info.plist */ = {isa = PBXFileReference; lastKnownFileType = text.plist.xml; path = "UnitTests-Info.plist"; sourceTree = "<group>"; };
		712E109810A4CB0000DF6562 /* libxml2.dylib */ = {isa = PBXFileReference; lastKnownFileType = "compiled.mach-o.dylib"; name = libxml2.dylib; path = usr/lib/libxml2.dylib; sourceTree = SDKROOT; };
		712E10A110A4CB6B00DF6562 /* CKNSArrayAdditionsTestCase.h */ = {isa = PBXFileReference; fileEncoding = 4; lastKnownFileType = sourcecode.c.h; name = CKNSArrayAdditionsTestCase.h; path = ../cloudkit/TestCases/CKNSArrayAdditionsTestCase.h; sourceTree = SOURCE_ROOT; };
		712E10A210A4CB6B00DF6562 /* CKNSArrayAdditionsTestCase.m */ = {isa = PBXFileReference; fileEncoding = 4; lastKnownFileType = sourcecode.c.objc; name = CKNSArrayAdditionsTestCase.m; path = ../cloudkit/TestCases/CKNSArrayAdditionsTestCase.m; sourceTree = SOURCE_ROOT; };
		712E7C4810D199A7008DC18C /* IFButtonCellController.h */ = {isa = PBXFileReference; fileEncoding = 4; lastKnownFileType = sourcecode.c.h; path = IFButtonCellController.h; sourceTree = "<group>"; };
		712E7C4910D199A7008DC18C /* IFButtonCellController.m */ = {isa = PBXFileReference; fileEncoding = 4; lastKnownFileType = sourcecode.c.objc; path = IFButtonCellController.m; sourceTree = "<group>"; };
		712E7C4A10D199A7008DC18C /* IFCellController.h */ = {isa = PBXFileReference; fileEncoding = 4; lastKnownFileType = sourcecode.c.h; path = IFCellController.h; sourceTree = "<group>"; };
		712E7C4B10D199A7008DC18C /* IFCellModel.h */ = {isa = PBXFileReference; fileEncoding = 4; lastKnownFileType = sourcecode.c.h; path = IFCellModel.h; sourceTree = "<group>"; };
		712E7C4C10D199A7008DC18C /* IFChoiceCellController.h */ = {isa = PBXFileReference; fileEncoding = 4; lastKnownFileType = sourcecode.c.h; path = IFChoiceCellController.h; sourceTree = "<group>"; };
		712E7C4D10D199A7008DC18C /* IFChoiceCellController.m */ = {isa = PBXFileReference; fileEncoding = 4; lastKnownFileType = sourcecode.c.objc; path = IFChoiceCellController.m; sourceTree = "<group>"; };
		712E7C4E10D199A7008DC18C /* IFChoiceTableViewController.h */ = {isa = PBXFileReference; fileEncoding = 4; lastKnownFileType = sourcecode.c.h; path = IFChoiceTableViewController.h; sourceTree = "<group>"; };
		712E7C4F10D199A7008DC18C /* IFChoiceTableViewController.m */ = {isa = PBXFileReference; fileEncoding = 4; lastKnownFileType = sourcecode.c.objc; path = IFChoiceTableViewController.m; sourceTree = "<group>"; };
		712E7C5010D199A7008DC18C /* IFControlTableViewCell.h */ = {isa = PBXFileReference; fileEncoding = 4; lastKnownFileType = sourcecode.c.h; path = IFControlTableViewCell.h; sourceTree = "<group>"; };
		712E7C5110D199A7008DC18C /* IFControlTableViewCell.m */ = {isa = PBXFileReference; fileEncoding = 4; lastKnownFileType = sourcecode.c.objc; path = IFControlTableViewCell.m; sourceTree = "<group>"; };
		712E7C5210D199A7008DC18C /* IFGenericTableViewController.h */ = {isa = PBXFileReference; fileEncoding = 4; lastKnownFileType = sourcecode.c.h; path = IFGenericTableViewController.h; sourceTree = "<group>"; };
		712E7C5310D199A7008DC18C /* IFGenericTableViewController.m */ = {isa = PBXFileReference; fileEncoding = 4; lastKnownFileType = sourcecode.c.objc; path = IFGenericTableViewController.m; sourceTree = "<group>"; };
		712E7C5410D199A7008DC18C /* IFLinkCellController.h */ = {isa = PBXFileReference; fileEncoding = 4; lastKnownFileType = sourcecode.c.h; path = IFLinkCellController.h; sourceTree = "<group>"; };
		712E7C5510D199A7008DC18C /* IFLinkCellController.m */ = {isa = PBXFileReference; fileEncoding = 4; lastKnownFileType = sourcecode.c.objc; path = IFLinkCellController.m; sourceTree = "<group>"; };
		712E7C5610D199A7008DC18C /* IFNamedImage.h */ = {isa = PBXFileReference; fileEncoding = 4; lastKnownFileType = sourcecode.c.h; path = IFNamedImage.h; sourceTree = "<group>"; };
		712E7C5710D199A7008DC18C /* IFNamedImage.m */ = {isa = PBXFileReference; fileEncoding = 4; lastKnownFileType = sourcecode.c.objc; path = IFNamedImage.m; sourceTree = "<group>"; };
		712E7C5810D199A7008DC18C /* IFPreferencesModel.h */ = {isa = PBXFileReference; fileEncoding = 4; lastKnownFileType = sourcecode.c.h; path = IFPreferencesModel.h; sourceTree = "<group>"; };
		712E7C5910D199A7008DC18C /* IFPreferencesModel.m */ = {isa = PBXFileReference; fileEncoding = 4; lastKnownFileType = sourcecode.c.objc; path = IFPreferencesModel.m; sourceTree = "<group>"; };
		712E7C5A10D199A7008DC18C /* IFSwitchCellController.h */ = {isa = PBXFileReference; fileEncoding = 4; lastKnownFileType = sourcecode.c.h; path = IFSwitchCellController.h; sourceTree = "<group>"; };
		712E7C5B10D199A7008DC18C /* IFSwitchCellController.m */ = {isa = PBXFileReference; fileEncoding = 4; lastKnownFileType = sourcecode.c.objc; path = IFSwitchCellController.m; sourceTree = "<group>"; };
		712E7C5C10D199A7008DC18C /* IFTemporaryModel.h */ = {isa = PBXFileReference; fileEncoding = 4; lastKnownFileType = sourcecode.c.h; path = IFTemporaryModel.h; sourceTree = "<group>"; };
		712E7C5D10D199A7008DC18C /* IFTemporaryModel.m */ = {isa = PBXFileReference; fileEncoding = 4; lastKnownFileType = sourcecode.c.objc; path = IFTemporaryModel.m; sourceTree = "<group>"; };
		712E7C5E10D199A7008DC18C /* IFTextCellController.h */ = {isa = PBXFileReference; fileEncoding = 4; lastKnownFileType = sourcecode.c.h; path = IFTextCellController.h; sourceTree = "<group>"; };
		712E7C5F10D199A7008DC18C /* IFTextCellController.m */ = {isa = PBXFileReference; fileEncoding = 4; lastKnownFileType = sourcecode.c.objc; path = IFTextCellController.m; sourceTree = "<group>"; };
		712E7C6010D199A7008DC18C /* IFTextViewTableView.h */ = {isa = PBXFileReference; fileEncoding = 4; lastKnownFileType = sourcecode.c.h; path = IFTextViewTableView.h; sourceTree = "<group>"; };
		712E7C6110D199A7008DC18C /* IFTextViewTableView.m */ = {isa = PBXFileReference; fileEncoding = 4; lastKnownFileType = sourcecode.c.objc; path = IFTextViewTableView.m; sourceTree = "<group>"; };
		712E7C6210D199A7008DC18C /* IFValueCellController.h */ = {isa = PBXFileReference; fileEncoding = 4; lastKnownFileType = sourcecode.c.h; path = IFValueCellController.h; sourceTree = "<group>"; };
		712E7C6310D199A7008DC18C /* IFValueCellController.m */ = {isa = PBXFileReference; fileEncoding = 4; lastKnownFileType = sourcecode.c.objc; path = IFValueCellController.m; sourceTree = "<group>"; };
		713F4AB910FB79C7005367AB /* CKStoreTestCase.h */ = {isa = PBXFileReference; fileEncoding = 4; lastKnownFileType = sourcecode.c.h; name = CKStoreTestCase.h; path = ../cloudkit/TestCases/CKStoreTestCase.h; sourceTree = SOURCE_ROOT; };
		713F4ABA10FB79C7005367AB /* CKStoreTestCase.m */ = {isa = PBXFileReference; fileEncoding = 4; lastKnownFileType = sourcecode.c.objc; name = CKStoreTestCase.m; path = ../cloudkit/TestCases/CKStoreTestCase.m; sourceTree = SOURCE_ROOT; };
		713F4B1410FB7CB4005367AB /* CoreData.framework */ = {isa = PBXFileReference; lastKnownFileType = wrapper.framework; name = CoreData.framework; path = System/Library/Frameworks/CoreData.framework; sourceTree = SDKROOT; };
		715E0A7C10DADE5900AA4B07 /* CKNSDateAdditionsTestCase.h */ = {isa = PBXFileReference; fileEncoding = 4; lastKnownFileType = sourcecode.c.h; name = CKNSDateAdditionsTestCase.h; path = ../cloudkit/TestCases/CKNSDateAdditionsTestCase.h; sourceTree = SOURCE_ROOT; };
		715E0A7D10DADE5900AA4B07 /* CKNSDateAdditionsTestCase.m */ = {isa = PBXFileReference; fileEncoding = 4; lastKnownFileType = sourcecode.c.objc; name = CKNSDateAdditionsTestCase.m; path = ../cloudkit/TestCases/CKNSDateAdditionsTestCase.m; sourceTree = SOURCE_ROOT; };
		715E0B2A10DADFD300AA4B07 /* CoreGraphics.framework */ = {isa = PBXFileReference; lastKnownFileType = wrapper.framework; name = CoreGraphics.framework; path = System/Library/Frameworks/CoreGraphics.framework; sourceTree = SDKROOT; };
		715E0CB910DB063000AA4B07 /* CKNSDate+Calculations.h */ = {isa = PBXFileReference; fileEncoding = 4; lastKnownFileType = sourcecode.c.h; name = "CKNSDate+Calculations.h"; path = "../cloudkit/Classes/CKNSDate+Calculations.h"; sourceTree = "<group>"; };
		715E0CBA10DB063000AA4B07 /* CKNSDate+Calculations.m */ = {isa = PBXFileReference; fileEncoding = 4; lastKnownFileType = sourcecode.c.objc; name = "CKNSDate+Calculations.m"; path = "../cloudkit/Classes/CKNSDate+Calculations.m"; sourceTree = "<group>"; };
		715E0CC410DB073C00AA4B07 /* CKNSDate+Conversions.h */ = {isa = PBXFileReference; fileEncoding = 4; lastKnownFileType = sourcecode.c.h; name = "CKNSDate+Conversions.h"; path = "../cloudkit/Classes/CKNSDate+Conversions.h"; sourceTree = "<group>"; };
		715E0CC510DB073C00AA4B07 /* CKNSDate+Conversions.m */ = {isa = PBXFileReference; fileEncoding = 4; lastKnownFileType = sourcecode.c.objc; name = "CKNSDate+Conversions.m"; path = "../cloudkit/Classes/CKNSDate+Conversions.m"; sourceTree = "<group>"; };
		715E0CF310DB0AB300AA4B07 /* CKNSString+Validations.h */ = {isa = PBXFileReference; fileEncoding = 4; lastKnownFileType = sourcecode.c.h; name = "CKNSString+Validations.h"; path = "../cloudkit/Classes/CKNSString+Validations.h"; sourceTree = "<group>"; };
		715E0CF410DB0AB300AA4B07 /* CKNSString+Validations.m */ = {isa = PBXFileReference; fileEncoding = 4; lastKnownFileType = sourcecode.c.objc; name = "CKNSString+Validations.m"; path = "../cloudkit/Classes/CKNSString+Validations.m"; sourceTree = "<group>"; };
		7173D28110A4B2FA004E9621 /* CKNSSetAdditions.h */ = {isa = PBXFileReference; fileEncoding = 4; lastKnownFileType = sourcecode.c.h; name = CKNSSetAdditions.h; path = ../cloudkit/Classes/CKNSSetAdditions.h; sourceTree = SOURCE_ROOT; };
		7173D28210A4B2FA004E9621 /* CKNSSetAdditions.m */ = {isa = PBXFileReference; fileEncoding = 4; lastKnownFileType = sourcecode.c.objc; name = CKNSSetAdditions.m; path = ../cloudkit/Classes/CKNSSetAdditions.m; sourceTree = SOURCE_ROOT; };
		7173D28F10A4BD98004E9621 /* SenTestingKit.framework */ = {isa = PBXFileReference; lastKnownFileType = wrapper.framework; name = SenTestingKit.framework; path = Library/Frameworks/SenTestingKit.framework; sourceTree = DEVELOPER_DIR; };
		719F056B10F6A68F002955C0 /* CloudKit.bundle */ = {isa = PBXFileReference; lastKnownFileType = "wrapper.plug-in"; name = CloudKit.bundle; path = ../cloudkit/CloudKit.bundle; sourceTree = SOURCE_ROOT; };
		719F05CC10F6A818002955C0 /* CKAttribute.h */ = {isa = PBXFileReference; fileEncoding = 4; lastKnownFileType = sourcecode.c.h; name = CKAttribute.h; path = ../cloudkit/Classes/CKAttribute.h; sourceTree = "<group>"; };
		719F05CD10F6A818002955C0 /* CKAttribute.m */ = {isa = PBXFileReference; fileEncoding = 4; lastKnownFileType = sourcecode.c.objc; name = CKAttribute.m; path = ../cloudkit/Classes/CKAttribute.m; sourceTree = "<group>"; };
		719F062710F6E749002955C0 /* CKDomain.h */ = {isa = PBXFileReference; fileEncoding = 4; lastKnownFileType = sourcecode.c.h; name = CKDomain.h; path = ../cloudkit/Classes/CKDomain.h; sourceTree = SOURCE_ROOT; };
		719F062810F6E749002955C0 /* CKDomain.m */ = {isa = PBXFileReference; fileEncoding = 4; lastKnownFileType = sourcecode.c.objc; name = CKDomain.m; path = ../cloudkit/Classes/CKDomain.m; sourceTree = SOURCE_ROOT; };
		719F062910F6E749002955C0 /* CKItem.h */ = {isa = PBXFileReference; fileEncoding = 4; lastKnownFileType = sourcecode.c.h; name = CKItem.h; path = ../cloudkit/Classes/CKItem.h; sourceTree = SOURCE_ROOT; };
		719F062A10F6E749002955C0 /* CKItem.m */ = {isa = PBXFileReference; fileEncoding = 4; lastKnownFileType = sourcecode.c.objc; name = CKItem.m; path = ../cloudkit/Classes/CKItem.m; sourceTree = SOURCE_ROOT; };
		719F063910F6ED27002955C0 /* CKStore.h */ = {isa = PBXFileReference; fileEncoding = 4; lastKnownFileType = sourcecode.c.h; name = CKStore.h; path = ../cloudkit/Classes/CKStore.h; sourceTree = SOURCE_ROOT; };
		719F063A10F6ED27002955C0 /* CKStore.m */ = {isa = PBXFileReference; fileEncoding = 4; lastKnownFileType = sourcecode.c.objc; name = CKStore.m; path = ../cloudkit/Classes/CKStore.m; sourceTree = SOURCE_ROOT; };
		71AD9D6610A35F4500C88903 /* CKAddressBook.h */ = {isa = PBXFileReference; fileEncoding = 4; lastKnownFileType = sourcecode.c.h; name = CKAddressBook.h; path = Classes/CKAddressBook.h; sourceTree = "<group>"; };
		71AD9D6710A35F4500C88903 /* CKAddressBook.m */ = {isa = PBXFileReference; fileEncoding = 4; lastKnownFileType = sourcecode.c.objc; name = CKAddressBook.m; path = Classes/CKAddressBook.m; sourceTree = "<group>"; };
		71AD9D6810A35F4500C88903 /* CKNSArrayAdditions.h */ = {isa = PBXFileReference; fileEncoding = 4; lastKnownFileType = sourcecode.c.h; name = CKNSArrayAdditions.h; path = Classes/CKNSArrayAdditions.h; sourceTree = "<group>"; };
		71AD9D6910A35F4500C88903 /* CKNSArrayAdditions.m */ = {isa = PBXFileReference; fileEncoding = 4; lastKnownFileType = sourcecode.c.objc; name = CKNSArrayAdditions.m; path = Classes/CKNSArrayAdditions.m; sourceTree = "<group>"; };
		71AD9D6A10A35F4500C88903 /* CKNSDataAdditions.h */ = {isa = PBXFileReference; fileEncoding = 4; lastKnownFileType = sourcecode.c.h; name = CKNSDataAdditions.h; path = Classes/CKNSDataAdditions.h; sourceTree = "<group>"; };
		71AD9D6B10A35F4500C88903 /* CKNSDateAdditions.h */ = {isa = PBXFileReference; fileEncoding = 4; lastKnownFileType = sourcecode.c.h; name = CKNSDateAdditions.h; path = Classes/CKNSDateAdditions.h; sourceTree = "<group>"; };
		71AD9D6D10A35F4500C88903 /* CKNSStringAdditions.h */ = {isa = PBXFileReference; fileEncoding = 4; lastKnownFileType = sourcecode.c.h; name = CKNSStringAdditions.h; path = Classes/CKNSStringAdditions.h; sourceTree = "<group>"; };
		71AD9D6E10A35F4500C88903 /* CKNSStringAdditions.m */ = {isa = PBXFileReference; fileEncoding = 4; lastKnownFileType = sourcecode.c.objc; name = CKNSStringAdditions.m; path = Classes/CKNSStringAdditions.m; sourceTree = "<group>"; };
		71AD9D6F10A35F4500C88903 /* CKDebug.h */ = {isa = PBXFileReference; fileEncoding = 4; lastKnownFileType = sourcecode.c.h; name = CKDebug.h; path = Classes/CKDebug.h; sourceTree = "<group>"; };
		71AD9D7010A35F4500C88903 /* CKNSData+Base64.h */ = {isa = PBXFileReference; fileEncoding = 4; lastKnownFileType = sourcecode.c.h; name = "CKNSData+Base64.h"; path = "Classes/CKNSData+Base64.h"; sourceTree = "<group>"; };
		71AD9D7110A35F4500C88903 /* CKNSData+Base64.m */ = {isa = PBXFileReference; fileEncoding = 4; lastKnownFileType = sourcecode.c.objc; name = "CKNSData+Base64.m"; path = "Classes/CKNSData+Base64.m"; sourceTree = "<group>"; };
		71AD9D7210A35F4500C88903 /* CKNSData+SHA1.h */ = {isa = PBXFileReference; fileEncoding = 4; lastKnownFileType = sourcecode.c.h; name = "CKNSData+SHA1.h"; path = "Classes/CKNSData+SHA1.h"; sourceTree = "<group>"; };
		71AD9D7310A35F4500C88903 /* CKNSData+SHA1.m */ = {isa = PBXFileReference; fileEncoding = 4; lastKnownFileType = sourcecode.c.objc; name = "CKNSData+SHA1.m"; path = "Classes/CKNSData+SHA1.m"; sourceTree = "<group>"; };
		71AD9D7410A35F4500C88903 /* CKNSString+URIQuery.h */ = {isa = PBXFileReference; fileEncoding = 4; lastKnownFileType = sourcecode.c.h; name = "CKNSString+URIQuery.h"; path = "Classes/CKNSString+URIQuery.h"; sourceTree = "<group>"; };
		71AD9D7510A35F4500C88903 /* CKNSString+URIQuery.m */ = {isa = PBXFileReference; fileEncoding = 4; lastKnownFileType = sourcecode.c.objc; name = "CKNSString+URIQuery.m"; path = "Classes/CKNSString+URIQuery.m"; sourceTree = "<group>"; };
		71AD9DE410A3629300C88903 /* AddressBook.framework */ = {isa = PBXFileReference; lastKnownFileType = wrapper.framework; name = AddressBook.framework; path = System/Library/Frameworks/AddressBook.framework; sourceTree = SDKROOT; };
		71AD9DF110A362C200C88903 /* SystemConfiguration.framework */ = {isa = PBXFileReference; lastKnownFileType = wrapper.framework; name = SystemConfiguration.framework; path = System/Library/Frameworks/SystemConfiguration.framework; sourceTree = SDKROOT; };
		71AD9DFB10A362E100C88903 /* UIKit.framework */ = {isa = PBXFileReference; lastKnownFileType = wrapper.framework; name = UIKit.framework; path = System/Library/Frameworks/UIKit.framework; sourceTree = SDKROOT; };
		71AD9EEA10A36F6D00C88903 /* CFNetwork.framework */ = {isa = PBXFileReference; lastKnownFileType = wrapper.framework; name = CFNetwork.framework; path = System/Library/Frameworks/CFNetwork.framework; sourceTree = SDKROOT; };
		71AD9EEE10A36F9200C88903 /* libz.1.2.3.dylib */ = {isa = PBXFileReference; lastKnownFileType = "compiled.mach-o.dylib"; name = libz.1.2.3.dylib; path = usr/lib/libz.1.2.3.dylib; sourceTree = SDKROOT; };
		71AD9F1710A36FFE00C88903 /* libicucore.dylib */ = {isa = PBXFileReference; lastKnownFileType = "compiled.mach-o.dylib"; name = libicucore.dylib; path = usr/lib/libicucore.dylib; sourceTree = SDKROOT; };
		71AD9FDC10A3715200C88903 /* ASIFormDataRequest.h */ = {isa = PBXFileReference; fileEncoding = 4; lastKnownFileType = sourcecode.c.h; name = ASIFormDataRequest.h; path = "Vendor/ASIHTTPRequest-1.2/Classes/ASIFormDataRequest.h"; sourceTree = "<group>"; };
		71AD9FDD10A3715200C88903 /* ASIFormDataRequest.m */ = {isa = PBXFileReference; fileEncoding = 4; lastKnownFileType = sourcecode.c.objc; name = ASIFormDataRequest.m; path = "Vendor/ASIHTTPRequest-1.2/Classes/ASIFormDataRequest.m"; sourceTree = "<group>"; };
		71AD9FDE10A3715200C88903 /* ASIHTTPRequest.h */ = {isa = PBXFileReference; fileEncoding = 4; lastKnownFileType = sourcecode.c.h; name = ASIHTTPRequest.h; path = "Vendor/ASIHTTPRequest-1.2/Classes/ASIHTTPRequest.h"; sourceTree = "<group>"; };
		71AD9FDF10A3715200C88903 /* ASIHTTPRequest.m */ = {isa = PBXFileReference; fileEncoding = 4; lastKnownFileType = sourcecode.c.objc; name = ASIHTTPRequest.m; path = "Vendor/ASIHTTPRequest-1.2/Classes/ASIHTTPRequest.m"; sourceTree = "<group>"; };
		71AD9FE010A3715200C88903 /* ASIInputStream.h */ = {isa = PBXFileReference; fileEncoding = 4; lastKnownFileType = sourcecode.c.h; name = ASIInputStream.h; path = "Vendor/ASIHTTPRequest-1.2/Classes/ASIInputStream.h"; sourceTree = "<group>"; };
		71AD9FE110A3715200C88903 /* ASIInputStream.m */ = {isa = PBXFileReference; fileEncoding = 4; lastKnownFileType = sourcecode.c.objc; name = ASIInputStream.m; path = "Vendor/ASIHTTPRequest-1.2/Classes/ASIInputStream.m"; sourceTree = "<group>"; };
		71AD9FE210A3715200C88903 /* ASINetworkQueue.h */ = {isa = PBXFileReference; fileEncoding = 4; lastKnownFileType = sourcecode.c.h; name = ASINetworkQueue.h; path = "Vendor/ASIHTTPRequest-1.2/Classes/ASINetworkQueue.h"; sourceTree = "<group>"; };
		71AD9FE310A3715200C88903 /* ASINetworkQueue.m */ = {isa = PBXFileReference; fileEncoding = 4; lastKnownFileType = sourcecode.c.objc; name = ASINetworkQueue.m; path = "Vendor/ASIHTTPRequest-1.2/Classes/ASINetworkQueue.m"; sourceTree = "<group>"; };
		71AD9FE410A3715200C88903 /* ASINSStringAdditions.h */ = {isa = PBXFileReference; fileEncoding = 4; lastKnownFileType = sourcecode.c.h; name = ASINSStringAdditions.h; path = "Vendor/ASIHTTPRequest-1.2/Classes/ASINSStringAdditions.h"; sourceTree = "<group>"; };
		71AD9FE510A3715200C88903 /* ASINSStringAdditions.m */ = {isa = PBXFileReference; fileEncoding = 4; lastKnownFileType = sourcecode.c.objc; name = ASINSStringAdditions.m; path = "Vendor/ASIHTTPRequest-1.2/Classes/ASINSStringAdditions.m"; sourceTree = "<group>"; };
		71AD9FE610A3715200C88903 /* ASIS3BucketObject.h */ = {isa = PBXFileReference; fileEncoding = 4; lastKnownFileType = sourcecode.c.h; name = ASIS3BucketObject.h; path = "Vendor/ASIHTTPRequest-1.2/Classes/ASIS3BucketObject.h"; sourceTree = "<group>"; };
		71AD9FE710A3715200C88903 /* ASIS3BucketObject.m */ = {isa = PBXFileReference; fileEncoding = 4; lastKnownFileType = sourcecode.c.objc; name = ASIS3BucketObject.m; path = "Vendor/ASIHTTPRequest-1.2/Classes/ASIS3BucketObject.m"; sourceTree = "<group>"; };
		71AD9FE810A3715200C88903 /* ASIS3ListRequest.h */ = {isa = PBXFileReference; fileEncoding = 4; lastKnownFileType = sourcecode.c.h; name = ASIS3ListRequest.h; path = "Vendor/ASIHTTPRequest-1.2/Classes/ASIS3ListRequest.h"; sourceTree = "<group>"; };
		71AD9FE910A3715200C88903 /* ASIS3ListRequest.m */ = {isa = PBXFileReference; fileEncoding = 4; lastKnownFileType = sourcecode.c.objc; name = ASIS3ListRequest.m; path = "Vendor/ASIHTTPRequest-1.2/Classes/ASIS3ListRequest.m"; sourceTree = "<group>"; };
		71AD9FEA10A3715200C88903 /* ASIS3Request.h */ = {isa = PBXFileReference; fileEncoding = 4; lastKnownFileType = sourcecode.c.h; name = ASIS3Request.h; path = "Vendor/ASIHTTPRequest-1.2/Classes/ASIS3Request.h"; sourceTree = "<group>"; };
		71AD9FEB10A3715200C88903 /* ASIS3Request.m */ = {isa = PBXFileReference; fileEncoding = 4; lastKnownFileType = sourcecode.c.objc; name = ASIS3Request.m; path = "Vendor/ASIHTTPRequest-1.2/Classes/ASIS3Request.m"; sourceTree = "<group>"; };
		71ADA00910A371C900C88903 /* Reachability.h */ = {isa = PBXFileReference; fileEncoding = 4; lastKnownFileType = sourcecode.c.h; name = Reachability.h; path = Vendor/Apple/Reachability.h; sourceTree = "<group>"; };
		71ADA00A10A371C900C88903 /* Reachability.m */ = {isa = PBXFileReference; fileEncoding = 4; lastKnownFileType = sourcecode.c.objc; name = Reachability.m; path = Vendor/Apple/Reachability.m; sourceTree = "<group>"; };
		71ADA01410A3720400C88903 /* ASIAuthenticationDialog.h */ = {isa = PBXFileReference; fileEncoding = 4; lastKnownFileType = sourcecode.c.h; name = ASIAuthenticationDialog.h; path = "Vendor/ASIHTTPRequest-1.2/Classes/ASIAuthenticationDialog.h"; sourceTree = "<group>"; };
		71ADA01510A3720400C88903 /* ASIAuthenticationDialog.m */ = {isa = PBXFileReference; fileEncoding = 4; lastKnownFileType = sourcecode.c.objc; name = ASIAuthenticationDialog.m; path = "Vendor/ASIHTTPRequest-1.2/Classes/ASIAuthenticationDialog.m"; sourceTree = "<group>"; };
		71ADA01E10A3727700C88903 /* RegexKitLite.h */ = {isa = PBXFileReference; fileEncoding = 4; lastKnownFileType = sourcecode.c.h; name = RegexKitLite.h; path = "Vendor/RegexKitLite-3.2/RegexKitLite.h"; sourceTree = "<group>"; };
		71ADA01F10A3727700C88903 /* RegexKitLite.m */ = {isa = PBXFileReference; fileEncoding = 4; lastKnownFileType = sourcecode.c.objc; name = RegexKitLite.m; path = "Vendor/RegexKitLite-3.2/RegexKitLite.m"; sourceTree = "<group>"; };
		71ADA02510A372D200C88903 /* CDataScanner.h */ = {isa = PBXFileReference; fileEncoding = 4; lastKnownFileType = sourcecode.c.h; name = CDataScanner.h; path = "Vendor/TouchJSON-1.0.6/Source/CDataScanner.h"; sourceTree = "<group>"; };
		71ADA02610A372D200C88903 /* CDataScanner.m */ = {isa = PBXFileReference; fileEncoding = 4; lastKnownFileType = sourcecode.c.objc; name = CDataScanner.m; path = "Vendor/TouchJSON-1.0.6/Source/CDataScanner.m"; sourceTree = "<group>"; };
		71ADA02810A372D200C88903 /* CDataScanner_Extensions.h */ = {isa = PBXFileReference; fileEncoding = 4; lastKnownFileType = sourcecode.c.h; path = CDataScanner_Extensions.h; sourceTree = "<group>"; };
		71ADA02910A372D200C88903 /* CDataScanner_Extensions.m */ = {isa = PBXFileReference; fileEncoding = 4; lastKnownFileType = sourcecode.c.objc; path = CDataScanner_Extensions.m; sourceTree = "<group>"; };
		71ADA02A10A372D200C88903 /* NSCharacterSet_Extensions.h */ = {isa = PBXFileReference; fileEncoding = 4; lastKnownFileType = sourcecode.c.h; path = NSCharacterSet_Extensions.h; sourceTree = "<group>"; };
		71ADA02B10A372D200C88903 /* NSCharacterSet_Extensions.m */ = {isa = PBXFileReference; fileEncoding = 4; lastKnownFileType = sourcecode.c.objc; path = NSCharacterSet_Extensions.m; sourceTree = "<group>"; };
		71ADA02C10A372D200C88903 /* NSDictionary_JSONExtensions.h */ = {isa = PBXFileReference; fileEncoding = 4; lastKnownFileType = sourcecode.c.h; path = NSDictionary_JSONExtensions.h; sourceTree = "<group>"; };
		71ADA02D10A372D200C88903 /* NSDictionary_JSONExtensions.m */ = {isa = PBXFileReference; fileEncoding = 4; lastKnownFileType = sourcecode.c.objc; path = NSDictionary_JSONExtensions.m; sourceTree = "<group>"; };
		71ADA02E10A372D200C88903 /* NSScanner_Extensions.h */ = {isa = PBXFileReference; fileEncoding = 4; lastKnownFileType = sourcecode.c.h; path = NSScanner_Extensions.h; sourceTree = "<group>"; };
		71ADA02F10A372D200C88903 /* NSScanner_Extensions.m */ = {isa = PBXFileReference; fileEncoding = 4; lastKnownFileType = sourcecode.c.objc; path = NSScanner_Extensions.m; sourceTree = "<group>"; };
		71ADA03110A372D200C88903 /* CJSONDeserializer.h */ = {isa = PBXFileReference; fileEncoding = 4; lastKnownFileType = sourcecode.c.h; path = CJSONDeserializer.h; sourceTree = "<group>"; };
		71ADA03210A372D200C88903 /* CJSONDeserializer.m */ = {isa = PBXFileReference; fileEncoding = 4; lastKnownFileType = sourcecode.c.objc; path = CJSONDeserializer.m; sourceTree = "<group>"; };
		71ADA03310A372D200C88903 /* CJSONScanner.h */ = {isa = PBXFileReference; fileEncoding = 4; lastKnownFileType = sourcecode.c.h; path = CJSONScanner.h; sourceTree = "<group>"; };
		71ADA03410A372D200C88903 /* CJSONScanner.m */ = {isa = PBXFileReference; fileEncoding = 4; lastKnownFileType = sourcecode.c.objc; path = CJSONScanner.m; sourceTree = "<group>"; };
		71ADA03510A372D200C88903 /* CJSONSerializer.h */ = {isa = PBXFileReference; fileEncoding = 4; lastKnownFileType = sourcecode.c.h; path = CJSONSerializer.h; sourceTree = "<group>"; };
		71ADA03610A372D200C88903 /* CJSONSerializer.m */ = {isa = PBXFileReference; fileEncoding = 4; lastKnownFileType = sourcecode.c.objc; path = CJSONSerializer.m; sourceTree = "<group>"; };
		71ADA05410A3740400C88903 /* CXMLDocument_CreationExtensions.h */ = {isa = PBXFileReference; fileEncoding = 4; lastKnownFileType = sourcecode.c.h; path = CXMLDocument_CreationExtensions.h; sourceTree = "<group>"; };
		71ADA05510A3740400C88903 /* CXMLDocument_CreationExtensions.m */ = {isa = PBXFileReference; fileEncoding = 4; lastKnownFileType = sourcecode.c.objc; path = CXMLDocument_CreationExtensions.m; sourceTree = "<group>"; };
		71ADA05610A3740400C88903 /* CXMLNode_CreationExtensions.h */ = {isa = PBXFileReference; fileEncoding = 4; lastKnownFileType = sourcecode.c.h; path = CXMLNode_CreationExtensions.h; sourceTree = "<group>"; };
		71ADA05710A3740400C88903 /* CXMLNode_CreationExtensions.m */ = {isa = PBXFileReference; fileEncoding = 4; lastKnownFileType = sourcecode.c.objc; path = CXMLNode_CreationExtensions.m; sourceTree = "<group>"; };
		71ADA05810A3740400C88903 /* CXMLDocument_PrivateExtensions.h */ = {isa = PBXFileReference; fileEncoding = 4; lastKnownFileType = sourcecode.c.h; name = CXMLDocument_PrivateExtensions.h; path = "Vendor/TouchXML-1.0.6/Common/Source/CXMLDocument_PrivateExtensions.h"; sourceTree = "<group>"; };
		71ADA05910A3740400C88903 /* CXMLDocument_PrivateExtensions.m */ = {isa = PBXFileReference; fileEncoding = 4; lastKnownFileType = sourcecode.c.objc; name = CXMLDocument_PrivateExtensions.m; path = "Vendor/TouchXML-1.0.6/Common/Source/CXMLDocument_PrivateExtensions.m"; sourceTree = "<group>"; };
		71ADA05A10A3740400C88903 /* CXMLDocument.h */ = {isa = PBXFileReference; fileEncoding = 4; lastKnownFileType = sourcecode.c.h; name = CXMLDocument.h; path = "Vendor/TouchXML-1.0.6/Common/Source/CXMLDocument.h"; sourceTree = "<group>"; };
		71ADA05B10A3740400C88903 /* CXMLDocument.m */ = {isa = PBXFileReference; fileEncoding = 4; lastKnownFileType = sourcecode.c.objc; name = CXMLDocument.m; path = "Vendor/TouchXML-1.0.6/Common/Source/CXMLDocument.m"; sourceTree = "<group>"; };
		71ADA05C10A3740400C88903 /* CXMLElement_CreationExtensions.h */ = {isa = PBXFileReference; fileEncoding = 4; lastKnownFileType = sourcecode.c.h; name = CXMLElement_CreationExtensions.h; path = "Vendor/TouchXML-1.0.6/Common/Source/CXMLElement_CreationExtensions.h"; sourceTree = "<group>"; };
		71ADA05D10A3740400C88903 /* CXMLElement_CreationExtensions.m */ = {isa = PBXFileReference; fileEncoding = 4; lastKnownFileType = sourcecode.c.objc; name = CXMLElement_CreationExtensions.m; path = "Vendor/TouchXML-1.0.6/Common/Source/CXMLElement_CreationExtensions.m"; sourceTree = "<group>"; };
		71ADA05E10A3740400C88903 /* CXMLElement_ElementTreeExtensions.h */ = {isa = PBXFileReference; fileEncoding = 4; lastKnownFileType = sourcecode.c.h; name = CXMLElement_ElementTreeExtensions.h; path = "Vendor/TouchXML-1.0.6/Common/Source/CXMLElement_ElementTreeExtensions.h"; sourceTree = "<group>"; };
		71ADA05F10A3740400C88903 /* CXMLElement_ElementTreeExtensions.m */ = {isa = PBXFileReference; fileEncoding = 4; lastKnownFileType = sourcecode.c.objc; name = CXMLElement_ElementTreeExtensions.m; path = "Vendor/TouchXML-1.0.6/Common/Source/CXMLElement_ElementTreeExtensions.m"; sourceTree = "<group>"; };
		71ADA06010A3740400C88903 /* CXMLElement.h */ = {isa = PBXFileReference; fileEncoding = 4; lastKnownFileType = sourcecode.c.h; name = CXMLElement.h; path = "Vendor/TouchXML-1.0.6/Common/Source/CXMLElement.h"; sourceTree = "<group>"; };
		71ADA06110A3740400C88903 /* CXMLElement.m */ = {isa = PBXFileReference; fileEncoding = 4; lastKnownFileType = sourcecode.c.objc; name = CXMLElement.m; path = "Vendor/TouchXML-1.0.6/Common/Source/CXMLElement.m"; sourceTree = "<group>"; };
		71ADA06210A3740400C88903 /* CXMLNode_PrivateExtensions.h */ = {isa = PBXFileReference; fileEncoding = 4; lastKnownFileType = sourcecode.c.h; name = CXMLNode_PrivateExtensions.h; path = "Vendor/TouchXML-1.0.6/Common/Source/CXMLNode_PrivateExtensions.h"; sourceTree = "<group>"; };
		71ADA06310A3740400C88903 /* CXMLNode_PrivateExtensions.m */ = {isa = PBXFileReference; fileEncoding = 4; lastKnownFileType = sourcecode.c.objc; name = CXMLNode_PrivateExtensions.m; path = "Vendor/TouchXML-1.0.6/Common/Source/CXMLNode_PrivateExtensions.m"; sourceTree = "<group>"; };
		71ADA06410A3740400C88903 /* CXMLNode_XPathExtensions.h */ = {isa = PBXFileReference; fileEncoding = 4; lastKnownFileType = sourcecode.c.h; name = CXMLNode_XPathExtensions.h; path = "Vendor/TouchXML-1.0.6/Common/Source/CXMLNode_XPathExtensions.h"; sourceTree = "<group>"; };
		71ADA06510A3740400C88903 /* CXMLNode_XPathExtensions.m */ = {isa = PBXFileReference; fileEncoding = 4; lastKnownFileType = sourcecode.c.objc; name = CXMLNode_XPathExtensions.m; path = "Vendor/TouchXML-1.0.6/Common/Source/CXMLNode_XPathExtensions.m"; sourceTree = "<group>"; };
		71ADA06610A3740400C88903 /* CXMLNode.h */ = {isa = PBXFileReference; fileEncoding = 4; lastKnownFileType = sourcecode.c.h; name = CXMLNode.h; path = "Vendor/TouchXML-1.0.6/Common/Source/CXMLNode.h"; sourceTree = "<group>"; };
		71ADA06710A3740400C88903 /* CXMLNode.m */ = {isa = PBXFileReference; fileEncoding = 4; lastKnownFileType = sourcecode.c.objc; name = CXMLNode.m; path = "Vendor/TouchXML-1.0.6/Common/Source/CXMLNode.m"; sourceTree = "<group>"; };
		71ADA06B10A3740400C88903 /* TouchXML.h */ = {isa = PBXFileReference; fileEncoding = 4; lastKnownFileType = sourcecode.c.h; name = TouchXML.h; path = "Vendor/TouchXML-1.0.6/Common/Source/TouchXML.h"; sourceTree = "<group>"; };
		71B1975710F3EC26007F551A /* CKCoreDataManager.h */ = {isa = PBXFileReference; fileEncoding = 4; lastKnownFileType = sourcecode.c.h; name = CKCoreDataManager.h; path = Classes/CKCoreDataManager.h; sourceTree = "<group>"; };
		71B1975810F3EC26007F551A /* CKCoreDataManager.m */ = {isa = PBXFileReference; fileEncoding = 4; lastKnownFileType = sourcecode.c.objc; name = CKCoreDataManager.m; path = Classes/CKCoreDataManager.m; sourceTree = "<group>"; };
		71B1980510F40D22007F551A /* CKNSManagedObjectContext+Requests.h */ = {isa = PBXFileReference; fileEncoding = 4; lastKnownFileType = sourcecode.c.h; name = "CKNSManagedObjectContext+Requests.h"; path = "Classes/CKNSManagedObjectContext+Requests.h"; sourceTree = "<group>"; };
		71B1980610F40D22007F551A /* CKNSManagedObjectContext+Requests.m */ = {isa = PBXFileReference; fileEncoding = 4; lastKnownFileType = sourcecode.c.objc; name = "CKNSManagedObjectContext+Requests.m"; path = "Classes/CKNSManagedObjectContext+Requests.m"; sourceTree = "<group>"; };
		AA747D9E0F9514B9006C5449 /* CloudKit_Prefix.pch */ = {isa = PBXFileReference; fileEncoding = 4; lastKnownFileType = sourcecode.c.h; path = CloudKit_Prefix.pch; sourceTree = "<group>"; };
		AACBBE490F95108600F1A2B1 /* Foundation.framework */ = {isa = PBXFileReference; lastKnownFileType = wrapper.framework; name = Foundation.framework; path = System/Library/Frameworks/Foundation.framework; sourceTree = SDKROOT; };
		D2AAC07E0554694100DB518D /* libCloudKit.a */ = {isa = PBXFileReference; explicitFileType = archive.ar; includeInIndex = 0; path = libCloudKit.a; sourceTree = BUILT_PRODUCTS_DIR; };
/* End PBXFileReference section */

/* Begin PBXFrameworksBuildPhase section */
		712E100010A4C7E700DF6562 /* Frameworks */ = {
			isa = PBXFrameworksBuildPhase;
			buildActionMask = 2147483647;
			files = (
				712E100F10A4C83100DF6562 /* AddressBook.framework in Frameworks */,
				712E101010A4C83100DF6562 /* CFNetwork.framework in Frameworks */,
				712E101110A4C83100DF6562 /* Foundation.framework in Frameworks */,
				712E101210A4C83100DF6562 /* SystemConfiguration.framework in Frameworks */,
				712E101310A4C83100DF6562 /* UIKit.framework in Frameworks */,
				712E101410A4C83100DF6562 /* libicucore.dylib in Frameworks */,
				712E101510A4C83100DF6562 /* libz.1.2.3.dylib in Frameworks */,
				712E109910A4CB0000DF6562 /* libxml2.dylib in Frameworks */,
				712E10F510A4D9BF00DF6562 /* SenTestingKit.framework in Frameworks */,
				715E0B3010DADFE100AA4B07 /* CoreGraphics.framework in Frameworks */,
				713F4AF410FB7BC9005367AB /* libCloudKit.a in Frameworks */,
				713F4B1510FB7CB4005367AB /* CoreData.framework in Frameworks */,
			);
			runOnlyForDeploymentPostprocessing = 0;
		};
		D2AAC07C0554694100DB518D /* Frameworks */ = {
			isa = PBXFrameworksBuildPhase;
			buildActionMask = 2147483647;
			files = (
				AACBBE4A0F95108600F1A2B1 /* Foundation.framework in Frameworks */,
				71AD9DE510A3629300C88903 /* AddressBook.framework in Frameworks */,
				71AD9DF210A362C200C88903 /* SystemConfiguration.framework in Frameworks */,
				71AD9DFC10A362E100C88903 /* UIKit.framework in Frameworks */,
				71AD9EEB10A36F6D00C88903 /* CFNetwork.framework in Frameworks */,
				71AD9EEF10A36F9200C88903 /* libz.1.2.3.dylib in Frameworks */,
				71AD9F1810A36FFE00C88903 /* libicucore.dylib in Frameworks */,
				7173D29010A4BD98004E9621 /* SenTestingKit.framework in Frameworks */,
				712E116210A4DBAB00DF6562 /* libxml2.dylib in Frameworks */,
				715E0B2B10DADFD300AA4B07 /* CoreGraphics.framework in Frameworks */,
			);
			runOnlyForDeploymentPostprocessing = 0;
		};
/* End PBXFrameworksBuildPhase section */

/* Begin PBXGroup section */
		034768DFFF38A50411DB9C8B /* Products */ = {
			isa = PBXGroup;
			children = (
				D2AAC07E0554694100DB518D /* libCloudKit.a */,
				712E100310A4C7E700DF6562 /* UnitTests.octest */,
			);
			name = Products;
			sourceTree = "<group>";
		};
		0867D691FE84028FC02AAC07 /* CloudKit */ = {
			isa = PBXGroup;
			children = (
				4FE162DA10FBD6BC002F5B37 /* Forms */,
				7173D25E10A4B1AA004E9621 /* AddressBook */,
				719F05CB10F6A804002955C0 /* Store */,
				71B1974910F3EC01007F551A /* CoreData */,
				71AD9D5F10A35EED00C88903 /* Extensions */,
				7173D2A510A4BE45004E9621 /* Test Cases */,
				71AD9EC910A36DCF00C88903 /* Vendor */,
				0867D69AFE84028FC02AAC07 /* Frameworks */,
				034768DFFF38A50411DB9C8B /* Products */,
				719F056B10F6A68F002955C0 /* CloudKit.bundle */,
				AA747D9E0F9514B9006C5449 /* CloudKit_Prefix.pch */,
				712E100410A4C7E700DF6562 /* UnitTests-Info.plist */,
				713F4B1410FB7CB4005367AB /* CoreData.framework */,
			);
			name = CloudKit;
			sourceTree = "<group>";
		};
		0867D69AFE84028FC02AAC07 /* Frameworks */ = {
			isa = PBXGroup;
			children = (
				71AD9DFB10A362E100C88903 /* UIKit.framework */,
				71AD9DE410A3629300C88903 /* AddressBook.framework */,
				AACBBE490F95108600F1A2B1 /* Foundation.framework */,
				71AD9DF110A362C200C88903 /* SystemConfiguration.framework */,
				71AD9EEA10A36F6D00C88903 /* CFNetwork.framework */,
				71AD9EEE10A36F9200C88903 /* libz.1.2.3.dylib */,
				71AD9F1710A36FFE00C88903 /* libicucore.dylib */,
				712E109810A4CB0000DF6562 /* libxml2.dylib */,
				7173D28F10A4BD98004E9621 /* SenTestingKit.framework */,
				715E0B2A10DADFD300AA4B07 /* CoreGraphics.framework */,
			);
			name = Frameworks;
			sourceTree = "<group>";
		};
		4FE162DA10FBD6BC002F5B37 /* Forms */ = {
			isa = PBXGroup;
			children = (
				4FE162DB10FBD6D5002F5B37 /* CKAbstractCellController.h */,
				4FE162DC10FBD6D5002F5B37 /* CKAbstractCellController.m */,
				4FE162DD10FBD6D5002F5B37 /* CKButtonCellController.h */,
				4FE162DE10FBD6D5002F5B37 /* CKButtonCellController.m */,
				4FE162DF10FBD6D5002F5B37 /* CKImageCellController.h */,
				4FE162E010FBD6D5002F5B37 /* CKImageCellController.m */,
				4FE162E110FBD6D5002F5B37 /* CKValueCellController.h */,
				4FE162E210FBD6D5002F5B37 /* CKValueCellController.m */,
			);
			name = Forms;
			sourceTree = "<group>";
		};
		712E7C4710D199A7008DC18C /* IFGenericTableViews */ = {
			isa = PBXGroup;
			children = (
				712E7C4810D199A7008DC18C /* IFButtonCellController.h */,
				712E7C4910D199A7008DC18C /* IFButtonCellController.m */,
				712E7C4A10D199A7008DC18C /* IFCellController.h */,
				712E7C4B10D199A7008DC18C /* IFCellModel.h */,
				712E7C4C10D199A7008DC18C /* IFChoiceCellController.h */,
				712E7C4D10D199A7008DC18C /* IFChoiceCellController.m */,
				712E7C4E10D199A7008DC18C /* IFChoiceTableViewController.h */,
				712E7C4F10D199A7008DC18C /* IFChoiceTableViewController.m */,
				712E7C5010D199A7008DC18C /* IFControlTableViewCell.h */,
				712E7C5110D199A7008DC18C /* IFControlTableViewCell.m */,
				712E7C5210D199A7008DC18C /* IFGenericTableViewController.h */,
				712E7C5310D199A7008DC18C /* IFGenericTableViewController.m */,
				712E7C5410D199A7008DC18C /* IFLinkCellController.h */,
				712E7C5510D199A7008DC18C /* IFLinkCellController.m */,
				712E7C5610D199A7008DC18C /* IFNamedImage.h */,
				712E7C5710D199A7008DC18C /* IFNamedImage.m */,
				712E7C5810D199A7008DC18C /* IFPreferencesModel.h */,
				712E7C5910D199A7008DC18C /* IFPreferencesModel.m */,
				712E7C5A10D199A7008DC18C /* IFSwitchCellController.h */,
				712E7C5B10D199A7008DC18C /* IFSwitchCellController.m */,
				712E7C5C10D199A7008DC18C /* IFTemporaryModel.h */,
				712E7C5D10D199A7008DC18C /* IFTemporaryModel.m */,
				712E7C5E10D199A7008DC18C /* IFTextCellController.h */,
				712E7C5F10D199A7008DC18C /* IFTextCellController.m */,
				712E7C6010D199A7008DC18C /* IFTextViewTableView.h */,
				712E7C6110D199A7008DC18C /* IFTextViewTableView.m */,
				712E7C6210D199A7008DC18C /* IFValueCellController.h */,
				712E7C6310D199A7008DC18C /* IFValueCellController.m */,
			);
			name = IFGenericTableViews;
			path = ../cloudkit/Vendor/IFGenericTableViews;
			sourceTree = SOURCE_ROOT;
		};
		7173D25E10A4B1AA004E9621 /* AddressBook */ = {
			isa = PBXGroup;
			children = (
				71AD9D6610A35F4500C88903 /* CKAddressBook.h */,
				71AD9D6710A35F4500C88903 /* CKAddressBook.m */,
			);
			name = AddressBook;
			sourceTree = "<group>";
		};
		7173D2A510A4BE45004E9621 /* Test Cases */ = {
			isa = PBXGroup;
			children = (
				712E10A110A4CB6B00DF6562 /* CKNSArrayAdditionsTestCase.h */,
				712E10A210A4CB6B00DF6562 /* CKNSArrayAdditionsTestCase.m */,
				715E0A7C10DADE5900AA4B07 /* CKNSDateAdditionsTestCase.h */,
				715E0A7D10DADE5900AA4B07 /* CKNSDateAdditionsTestCase.m */,
				713F4AB910FB79C7005367AB /* CKStoreTestCase.h */,
				713F4ABA10FB79C7005367AB /* CKStoreTestCase.m */,
			);
			name = "Test Cases";
			sourceTree = "<group>";
		};
		719F05CB10F6A804002955C0 /* Store */ = {
			isa = PBXGroup;
			children = (
				719F062710F6E749002955C0 /* CKDomain.h */,
				719F062810F6E749002955C0 /* CKDomain.m */,
				719F062910F6E749002955C0 /* CKItem.h */,
				719F062A10F6E749002955C0 /* CKItem.m */,
				719F05CC10F6A818002955C0 /* CKAttribute.h */,
				719F05CD10F6A818002955C0 /* CKAttribute.m */,
				719F063910F6ED27002955C0 /* CKStore.h */,
				719F063A10F6ED27002955C0 /* CKStore.m */,
			);
			name = Store;
			sourceTree = "<group>";
		};
		71AD9D5F10A35EED00C88903 /* Extensions */ = {
			isa = PBXGroup;
			children = (
				7173D28110A4B2FA004E9621 /* CKNSSetAdditions.h */,
				7173D28210A4B2FA004E9621 /* CKNSSetAdditions.m */,
				71AD9D6810A35F4500C88903 /* CKNSArrayAdditions.h */,
				71AD9D6910A35F4500C88903 /* CKNSArrayAdditions.m */,
				71AD9D6A10A35F4500C88903 /* CKNSDataAdditions.h */,
				71AD9D6B10A35F4500C88903 /* CKNSDateAdditions.h */,
				71AD9D6D10A35F4500C88903 /* CKNSStringAdditions.h */,
				71AD9D6E10A35F4500C88903 /* CKNSStringAdditions.m */,
				71AD9D6F10A35F4500C88903 /* CKDebug.h */,
				71AD9D7010A35F4500C88903 /* CKNSData+Base64.h */,
				71AD9D7110A35F4500C88903 /* CKNSData+Base64.m */,
				71AD9D7210A35F4500C88903 /* CKNSData+SHA1.h */,
				71AD9D7310A35F4500C88903 /* CKNSData+SHA1.m */,
				71AD9D7410A35F4500C88903 /* CKNSString+URIQuery.h */,
				71AD9D7510A35F4500C88903 /* CKNSString+URIQuery.m */,
				715E0CB910DB063000AA4B07 /* CKNSDate+Calculations.h */,
				715E0CBA10DB063000AA4B07 /* CKNSDate+Calculations.m */,
				715E0CC410DB073C00AA4B07 /* CKNSDate+Conversions.h */,
				715E0CC510DB073C00AA4B07 /* CKNSDate+Conversions.m */,
				715E0CF310DB0AB300AA4B07 /* CKNSString+Validations.h */,
				715E0CF410DB0AB300AA4B07 /* CKNSString+Validations.m */,
			);
			name = Extensions;
			sourceTree = "<group>";
		};
		71AD9EC910A36DCF00C88903 /* Vendor */ = {
			isa = PBXGroup;
			children = (
				712E7C4710D199A7008DC18C /* IFGenericTableViews */,
				71ADA04D10A372F400C88903 /* TouchXML */,
				71ADA02410A372BD00C88903 /* TouchJSON */,
				71ADA01A10A3725800C88903 /* RegexKitLite */,
				71ADA00810A371B500C88903 /* Apple */,
				71AD9FD810A370E700C88903 /* ASIHTTPRequest */,
			);
			name = Vendor;
			sourceTree = "<group>";
		};
		71AD9FD810A370E700C88903 /* ASIHTTPRequest */ = {
			isa = PBXGroup;
			children = (
				71ADA01410A3720400C88903 /* ASIAuthenticationDialog.h */,
				71ADA01510A3720400C88903 /* ASIAuthenticationDialog.m */,
				71AD9FDC10A3715200C88903 /* ASIFormDataRequest.h */,
				71AD9FDD10A3715200C88903 /* ASIFormDataRequest.m */,
				71AD9FDE10A3715200C88903 /* ASIHTTPRequest.h */,
				71AD9FDF10A3715200C88903 /* ASIHTTPRequest.m */,
				71AD9FE010A3715200C88903 /* ASIInputStream.h */,
				71AD9FE110A3715200C88903 /* ASIInputStream.m */,
				71AD9FE210A3715200C88903 /* ASINetworkQueue.h */,
				71AD9FE310A3715200C88903 /* ASINetworkQueue.m */,
				71AD9FE410A3715200C88903 /* ASINSStringAdditions.h */,
				71AD9FE510A3715200C88903 /* ASINSStringAdditions.m */,
				71AD9FE610A3715200C88903 /* ASIS3BucketObject.h */,
				71AD9FE710A3715200C88903 /* ASIS3BucketObject.m */,
				71AD9FE810A3715200C88903 /* ASIS3ListRequest.h */,
				71AD9FE910A3715200C88903 /* ASIS3ListRequest.m */,
				71AD9FEA10A3715200C88903 /* ASIS3Request.h */,
				71AD9FEB10A3715200C88903 /* ASIS3Request.m */,
			);
			name = ASIHTTPRequest;
			sourceTree = "<group>";
		};
		71ADA00810A371B500C88903 /* Apple */ = {
			isa = PBXGroup;
			children = (
				71ADA00910A371C900C88903 /* Reachability.h */,
				71ADA00A10A371C900C88903 /* Reachability.m */,
			);
			name = Apple;
			sourceTree = "<group>";
		};
		71ADA01A10A3725800C88903 /* RegexKitLite */ = {
			isa = PBXGroup;
			children = (
				71ADA01E10A3727700C88903 /* RegexKitLite.h */,
				71ADA01F10A3727700C88903 /* RegexKitLite.m */,
			);
			name = RegexKitLite;
			sourceTree = "<group>";
		};
		71ADA02410A372BD00C88903 /* TouchJSON */ = {
			isa = PBXGroup;
			children = (
				71ADA02510A372D200C88903 /* CDataScanner.h */,
				71ADA02610A372D200C88903 /* CDataScanner.m */,
				71ADA02710A372D200C88903 /* Extensions */,
				71ADA03010A372D200C88903 /* JSON */,
			);
			name = TouchJSON;
			sourceTree = "<group>";
		};
		71ADA02710A372D200C88903 /* Extensions */ = {
			isa = PBXGroup;
			children = (
				71ADA02810A372D200C88903 /* CDataScanner_Extensions.h */,
				71ADA02910A372D200C88903 /* CDataScanner_Extensions.m */,
				71ADA02A10A372D200C88903 /* NSCharacterSet_Extensions.h */,
				71ADA02B10A372D200C88903 /* NSCharacterSet_Extensions.m */,
				71ADA02C10A372D200C88903 /* NSDictionary_JSONExtensions.h */,
				71ADA02D10A372D200C88903 /* NSDictionary_JSONExtensions.m */,
				71ADA02E10A372D200C88903 /* NSScanner_Extensions.h */,
				71ADA02F10A372D200C88903 /* NSScanner_Extensions.m */,
			);
			name = Extensions;
			path = "Vendor/TouchJSON-1.0.6/Source/Extensions";
			sourceTree = "<group>";
		};
		71ADA03010A372D200C88903 /* JSON */ = {
			isa = PBXGroup;
			children = (
				71ADA03110A372D200C88903 /* CJSONDeserializer.h */,
				71ADA03210A372D200C88903 /* CJSONDeserializer.m */,
				71ADA03310A372D200C88903 /* CJSONScanner.h */,
				71ADA03410A372D200C88903 /* CJSONScanner.m */,
				71ADA03510A372D200C88903 /* CJSONSerializer.h */,
				71ADA03610A372D200C88903 /* CJSONSerializer.m */,
			);
			name = JSON;
			path = "Vendor/TouchJSON-1.0.6/Source/JSON";
			sourceTree = "<group>";
		};
		71ADA04D10A372F400C88903 /* TouchXML */ = {
			isa = PBXGroup;
			children = (
				71ADA05310A3740400C88903 /* Creation */,
				71ADA05810A3740400C88903 /* CXMLDocument_PrivateExtensions.h */,
				71ADA05910A3740400C88903 /* CXMLDocument_PrivateExtensions.m */,
				71ADA05A10A3740400C88903 /* CXMLDocument.h */,
				71ADA05B10A3740400C88903 /* CXMLDocument.m */,
				71ADA05C10A3740400C88903 /* CXMLElement_CreationExtensions.h */,
				71ADA05D10A3740400C88903 /* CXMLElement_CreationExtensions.m */,
				71ADA05E10A3740400C88903 /* CXMLElement_ElementTreeExtensions.h */,
				71ADA05F10A3740400C88903 /* CXMLElement_ElementTreeExtensions.m */,
				71ADA06010A3740400C88903 /* CXMLElement.h */,
				71ADA06110A3740400C88903 /* CXMLElement.m */,
				71ADA06210A3740400C88903 /* CXMLNode_PrivateExtensions.h */,
				71ADA06310A3740400C88903 /* CXMLNode_PrivateExtensions.m */,
				71ADA06410A3740400C88903 /* CXMLNode_XPathExtensions.h */,
				71ADA06510A3740400C88903 /* CXMLNode_XPathExtensions.m */,
				71ADA06610A3740400C88903 /* CXMLNode.h */,
				71ADA06710A3740400C88903 /* CXMLNode.m */,
				71ADA06B10A3740400C88903 /* TouchXML.h */,
			);
			name = TouchXML;
			sourceTree = "<group>";
		};
		71ADA05310A3740400C88903 /* Creation */ = {
			isa = PBXGroup;
			children = (
				71ADA05410A3740400C88903 /* CXMLDocument_CreationExtensions.h */,
				71ADA05510A3740400C88903 /* CXMLDocument_CreationExtensions.m */,
				71ADA05610A3740400C88903 /* CXMLNode_CreationExtensions.h */,
				71ADA05710A3740400C88903 /* CXMLNode_CreationExtensions.m */,
			);
			name = Creation;
			path = "Vendor/TouchXML-1.0.6/Common/Source/Creation";
			sourceTree = "<group>";
		};
		71B1974910F3EC01007F551A /* CoreData */ = {
			isa = PBXGroup;
			children = (
				71B1975710F3EC26007F551A /* CKCoreDataManager.h */,
				71B1975810F3EC26007F551A /* CKCoreDataManager.m */,
				71B1980510F40D22007F551A /* CKNSManagedObjectContext+Requests.h */,
				71B1980610F40D22007F551A /* CKNSManagedObjectContext+Requests.m */,
			);
			name = CoreData;
			sourceTree = "<group>";
		};
/* End PBXGroup section */

/* Begin PBXHeadersBuildPhase section */
		D2AAC07A0554694100DB518D /* Headers */ = {
			isa = PBXHeadersBuildPhase;
			buildActionMask = 2147483647;
			files = (
				71AD9D7810A35F4600C88903 /* CKNSArrayAdditions.h in Headers */,
				71AD9D7A10A35F4600C88903 /* CKNSDataAdditions.h in Headers */,
				71AD9D7B10A35F4600C88903 /* CKNSDateAdditions.h in Headers */,
				71AD9D7D10A35F4600C88903 /* CKNSStringAdditions.h in Headers */,
				71AD9D7F10A35F4600C88903 /* CKDebug.h in Headers */,
				71AD9D8010A35F4600C88903 /* CKNSData+Base64.h in Headers */,
				71AD9D8210A35F4600C88903 /* CKNSData+SHA1.h in Headers */,
				71AD9D8410A35F4600C88903 /* CKNSString+URIQuery.h in Headers */,
				71AD9D9410A361EE00C88903 /* CloudKit_Prefix.pch in Headers */,
				71AD9FEE10A3715200C88903 /* ASIFormDataRequest.h in Headers */,
				71AD9FF010A3715200C88903 /* ASIHTTPRequest.h in Headers */,
				71AD9FF210A3715200C88903 /* ASIInputStream.h in Headers */,
				71AD9FF410A3715200C88903 /* ASINetworkQueue.h in Headers */,
				71AD9FF610A3715200C88903 /* ASINSStringAdditions.h in Headers */,
				71AD9FF810A3715200C88903 /* ASIS3BucketObject.h in Headers */,
				71AD9FFA10A3715200C88903 /* ASIS3ListRequest.h in Headers */,
				71AD9FFC10A3715200C88903 /* ASIS3Request.h in Headers */,
				71ADA00B10A371C900C88903 /* Reachability.h in Headers */,
				71ADA01610A3720400C88903 /* ASIAuthenticationDialog.h in Headers */,
				71ADA02010A3727700C88903 /* RegexKitLite.h in Headers */,
				71ADA03710A372D200C88903 /* CDataScanner.h in Headers */,
				71ADA03910A372D200C88903 /* CDataScanner_Extensions.h in Headers */,
				71ADA03B10A372D200C88903 /* NSCharacterSet_Extensions.h in Headers */,
				71ADA03D10A372D200C88903 /* NSDictionary_JSONExtensions.h in Headers */,
				71ADA03F10A372D200C88903 /* NSScanner_Extensions.h in Headers */,
				71ADA04110A372D200C88903 /* CJSONDeserializer.h in Headers */,
				71ADA04310A372D200C88903 /* CJSONScanner.h in Headers */,
				71ADA04510A372D200C88903 /* CJSONSerializer.h in Headers */,
				71ADA06C10A3740400C88903 /* CXMLDocument_CreationExtensions.h in Headers */,
				71ADA06E10A3740400C88903 /* CXMLNode_CreationExtensions.h in Headers */,
				71ADA07010A3740400C88903 /* CXMLDocument_PrivateExtensions.h in Headers */,
				71ADA07210A3740400C88903 /* CXMLDocument.h in Headers */,
				71ADA07410A3740400C88903 /* CXMLElement_CreationExtensions.h in Headers */,
				71ADA07610A3740400C88903 /* CXMLElement_ElementTreeExtensions.h in Headers */,
				71ADA07810A3740400C88903 /* CXMLElement.h in Headers */,
				71ADA07A10A3740400C88903 /* CXMLNode_PrivateExtensions.h in Headers */,
				71ADA07C10A3740400C88903 /* CXMLNode_XPathExtensions.h in Headers */,
				71ADA07E10A3740400C88903 /* CXMLNode.h in Headers */,
				71ADA08210A3740400C88903 /* TouchXML.h in Headers */,
				7173D28310A4B2FA004E9621 /* CKNSSetAdditions.h in Headers */,
				712E0FE110A4C74900DF6562 /* CKAddressBook.h in Headers */,
				712E7C6410D199A7008DC18C /* IFButtonCellController.h in Headers */,
				712E7C6610D199A7008DC18C /* IFCellController.h in Headers */,
				712E7C6710D199A7008DC18C /* IFCellModel.h in Headers */,
				712E7C6810D199A7008DC18C /* IFChoiceCellController.h in Headers */,
				712E7C6A10D199A7008DC18C /* IFChoiceTableViewController.h in Headers */,
				712E7C6C10D199A7008DC18C /* IFControlTableViewCell.h in Headers */,
				712E7C6E10D199A7008DC18C /* IFGenericTableViewController.h in Headers */,
				712E7C7010D199A7008DC18C /* IFLinkCellController.h in Headers */,
				712E7C7210D199A7008DC18C /* IFNamedImage.h in Headers */,
				712E7C7410D199A7008DC18C /* IFPreferencesModel.h in Headers */,
				712E7C7610D199A7008DC18C /* IFSwitchCellController.h in Headers */,
				712E7C7810D199A7008DC18C /* IFTemporaryModel.h in Headers */,
				712E7C7A10D199A7008DC18C /* IFTextCellController.h in Headers */,
				712E7C7C10D199A7008DC18C /* IFTextViewTableView.h in Headers */,
				712E7C7E10D199A7008DC18C /* IFValueCellController.h in Headers */,
				715E0CBC10DB069000AA4B07 /* CKNSDate+Calculations.h in Headers */,
				715E0CCE10DB07B100AA4B07 /* CKNSDate+Conversions.h in Headers */,
				715E0CF810DB0BDE00AA4B07 /* CKNSString+Validations.h in Headers */,
				71B1975910F3EC26007F551A /* CKCoreDataManager.h in Headers */,
				71B1980710F40D22007F551A /* CKNSManagedObjectContext+Requests.h in Headers */,
				719F05CE10F6A818002955C0 /* CKAttribute.h in Headers */,
				719F062B10F6E749002955C0 /* CKDomain.h in Headers */,
				719F062D10F6E749002955C0 /* CKItem.h in Headers */,
				719F063B10F6ED27002955C0 /* CKStore.h in Headers */,
				4FE162E310FBD6D5002F5B37 /* CKAbstractCellController.h in Headers */,
				4FE162E510FBD6D5002F5B37 /* CKButtonCellController.h in Headers */,
				4FE162E710FBD6D5002F5B37 /* CKImageCellController.h in Headers */,
				4FE162E910FBD6D5002F5B37 /* CKValueCellController.h in Headers */,
			);
			runOnlyForDeploymentPostprocessing = 0;
		};
/* End PBXHeadersBuildPhase section */

/* Begin PBXNativeTarget section */
		712E100210A4C7E700DF6562 /* UnitTests */ = {
			isa = PBXNativeTarget;
			buildConfigurationList = 712E100710A4C7E800DF6562 /* Build configuration list for PBXNativeTarget "UnitTests" */;
			buildPhases = (
				712E0FFE10A4C7E700DF6562 /* Resources */,
				712E0FFF10A4C7E700DF6562 /* Sources */,
				712E100010A4C7E700DF6562 /* Frameworks */,
				712E100110A4C7E700DF6562 /* ShellScript */,
			);
			buildRules = (
			);
			dependencies = (
				713F4AF010FB7BAA005367AB /* PBXTargetDependency */,
			);
			name = UnitTests;
			productName = UnitTests;
			productReference = 712E100310A4C7E700DF6562 /* UnitTests.octest */;
			productType = "com.apple.product-type.bundle";
		};
		D2AAC07D0554694100DB518D /* CloudKit */ = {
			isa = PBXNativeTarget;
			buildConfigurationList = 1DEB921E08733DC00010E9CD /* Build configuration list for PBXNativeTarget "CloudKit" */;
			buildPhases = (
				D2AAC07A0554694100DB518D /* Headers */,
				D2AAC07B0554694100DB518D /* Sources */,
				D2AAC07C0554694100DB518D /* Frameworks */,
				712E113B10A4DA7200DF6562 /* ShellScript */,
			);
			buildRules = (
			);
			dependencies = (
			);
			name = CloudKit;
			productName = CloudKit;
			productReference = D2AAC07E0554694100DB518D /* libCloudKit.a */;
			productType = "com.apple.product-type.library.static";
		};
/* End PBXNativeTarget section */

/* Begin PBXProject section */
		0867D690FE84028FC02AAC07 /* Project object */ = {
			isa = PBXProject;
			buildConfigurationList = 1DEB922208733DC00010E9CD /* Build configuration list for PBXProject "CloudKit" */;
			compatibilityVersion = "Xcode 3.1";
			hasScannedForEncodings = 1;
			mainGroup = 0867D691FE84028FC02AAC07 /* CloudKit */;
			productRefGroup = 034768DFFF38A50411DB9C8B /* Products */;
			projectDirPath = "";
			projectRoot = "";
			targets = (
				D2AAC07D0554694100DB518D /* CloudKit */,
				712E100210A4C7E700DF6562 /* UnitTests */,
			);
		};
/* End PBXProject section */

/* Begin PBXResourcesBuildPhase section */
		712E0FFE10A4C7E700DF6562 /* Resources */ = {
			isa = PBXResourcesBuildPhase;
			buildActionMask = 2147483647;
			files = (
			);
			runOnlyForDeploymentPostprocessing = 0;
		};
/* End PBXResourcesBuildPhase section */

/* Begin PBXShellScriptBuildPhase section */
		712E100110A4C7E700DF6562 /* ShellScript */ = {
			isa = PBXShellScriptBuildPhase;
			buildActionMask = 2147483647;
			files = (
			);
			inputPaths = (
			);
			outputPaths = (
			);
			runOnlyForDeploymentPostprocessing = 0;
			shellPath = /bin/sh;
			shellScript = "# Run the unit tests in this test bundle.\n\"${SYSTEM_DEVELOPER_DIR}/Tools/RunUnitTests\"\n";
		};
		712E113B10A4DA7200DF6562 /* ShellScript */ = {
			isa = PBXShellScriptBuildPhase;
			buildActionMask = 2147483647;
			files = (
			);
			inputPaths = (
			);
			outputPaths = (
			);
			runOnlyForDeploymentPostprocessing = 0;
			shellPath = /bin/sh;
			shellScript = "";
		};
/* End PBXShellScriptBuildPhase section */

/* Begin PBXSourcesBuildPhase section */
		712E0FFF10A4C7E700DF6562 /* Sources */ = {
			isa = PBXSourcesBuildPhase;
			buildActionMask = 2147483647;
			files = (
				712E10A310A4CB6B00DF6562 /* CKNSArrayAdditionsTestCase.m in Sources */,
				715E0A7E10DADE5900AA4B07 /* CKNSDateAdditionsTestCase.m in Sources */,
				713F4ABB10FB79C7005367AB /* CKStoreTestCase.m in Sources */,
			);
			runOnlyForDeploymentPostprocessing = 0;
		};
		D2AAC07B0554694100DB518D /* Sources */ = {
			isa = PBXSourcesBuildPhase;
			buildActionMask = 2147483647;
			files = (
				71AD9D7910A35F4600C88903 /* CKNSArrayAdditions.m in Sources */,
				71AD9D7E10A35F4600C88903 /* CKNSStringAdditions.m in Sources */,
				71AD9D8110A35F4600C88903 /* CKNSData+Base64.m in Sources */,
				71AD9D8310A35F4600C88903 /* CKNSData+SHA1.m in Sources */,
				71AD9D8510A35F4600C88903 /* CKNSString+URIQuery.m in Sources */,
				71AD9FEF10A3715200C88903 /* ASIFormDataRequest.m in Sources */,
				71AD9FF110A3715200C88903 /* ASIHTTPRequest.m in Sources */,
				71AD9FF310A3715200C88903 /* ASIInputStream.m in Sources */,
				71AD9FF510A3715200C88903 /* ASINetworkQueue.m in Sources */,
				71AD9FF710A3715200C88903 /* ASINSStringAdditions.m in Sources */,
				71AD9FF910A3715200C88903 /* ASIS3BucketObject.m in Sources */,
				71AD9FFB10A3715200C88903 /* ASIS3ListRequest.m in Sources */,
				71AD9FFD10A3715200C88903 /* ASIS3Request.m in Sources */,
				71ADA00C10A371C900C88903 /* Reachability.m in Sources */,
				71ADA01710A3720400C88903 /* ASIAuthenticationDialog.m in Sources */,
				71ADA02110A3727700C88903 /* RegexKitLite.m in Sources */,
				71ADA03810A372D200C88903 /* CDataScanner.m in Sources */,
				71ADA03A10A372D200C88903 /* CDataScanner_Extensions.m in Sources */,
				71ADA03C10A372D200C88903 /* NSCharacterSet_Extensions.m in Sources */,
				71ADA03E10A372D200C88903 /* NSDictionary_JSONExtensions.m in Sources */,
				71ADA04010A372D200C88903 /* NSScanner_Extensions.m in Sources */,
				71ADA04210A372D200C88903 /* CJSONDeserializer.m in Sources */,
				71ADA04410A372D200C88903 /* CJSONScanner.m in Sources */,
				71ADA04610A372D200C88903 /* CJSONSerializer.m in Sources */,
				71ADA06D10A3740400C88903 /* CXMLDocument_CreationExtensions.m in Sources */,
				71ADA06F10A3740400C88903 /* CXMLNode_CreationExtensions.m in Sources */,
				71ADA07110A3740400C88903 /* CXMLDocument_PrivateExtensions.m in Sources */,
				71ADA07310A3740400C88903 /* CXMLDocument.m in Sources */,
				71ADA07510A3740400C88903 /* CXMLElement_CreationExtensions.m in Sources */,
				71ADA07710A3740400C88903 /* CXMLElement_ElementTreeExtensions.m in Sources */,
				71ADA07910A3740400C88903 /* CXMLElement.m in Sources */,
				71ADA07B10A3740400C88903 /* CXMLNode_PrivateExtensions.m in Sources */,
				71ADA07D10A3740400C88903 /* CXMLNode_XPathExtensions.m in Sources */,
				71ADA07F10A3740400C88903 /* CXMLNode.m in Sources */,
				7173D28410A4B2FA004E9621 /* CKNSSetAdditions.m in Sources */,
				712E0FE210A4C74A00DF6562 /* CKAddressBook.m in Sources */,
				712E7C6510D199A7008DC18C /* IFButtonCellController.m in Sources */,
				712E7C6910D199A7008DC18C /* IFChoiceCellController.m in Sources */,
				712E7C6B10D199A7008DC18C /* IFChoiceTableViewController.m in Sources */,
				712E7C6D10D199A7008DC18C /* IFControlTableViewCell.m in Sources */,
				712E7C6F10D199A7008DC18C /* IFGenericTableViewController.m in Sources */,
				712E7C7110D199A7008DC18C /* IFLinkCellController.m in Sources */,
				712E7C7310D199A7008DC18C /* IFNamedImage.m in Sources */,
				712E7C7510D199A7008DC18C /* IFPreferencesModel.m in Sources */,
				712E7C7710D199A7008DC18C /* IFSwitchCellController.m in Sources */,
				712E7C7910D199A7008DC18C /* IFTemporaryModel.m in Sources */,
				712E7C7B10D199A7008DC18C /* IFTextCellController.m in Sources */,
				712E7C7D10D199A7008DC18C /* IFTextViewTableView.m in Sources */,
				712E7C7F10D199A7008DC18C /* IFValueCellController.m in Sources */,
				71B1975A10F3EC26007F551A /* CKCoreDataManager.m in Sources */,
				71B1980810F40D22007F551A /* CKNSManagedObjectContext+Requests.m in Sources */,
				719F05CF10F6A818002955C0 /* CKAttribute.m in Sources */,
				719F062C10F6E749002955C0 /* CKDomain.m in Sources */,
				719F062E10F6E749002955C0 /* CKItem.m in Sources */,
				719F067A10F6F39E002955C0 /* CKStore.m in Sources */,
				713F4B0B10FB7C78005367AB /* CKNSDate+Calculations.m in Sources */,
				713F4B0C10FB7C78005367AB /* CKNSDate+Conversions.m in Sources */,
				713F4B0D10FB7C7A005367AB /* CKNSString+Validations.m in Sources */,
				4FE162E410FBD6D5002F5B37 /* CKAbstractCellController.m in Sources */,
				4FE162E610FBD6D5002F5B37 /* CKButtonCellController.m in Sources */,
				4FE162E810FBD6D5002F5B37 /* CKImageCellController.m in Sources */,
				4FE162EA10FBD6D5002F5B37 /* CKValueCellController.m in Sources */,
			);
			runOnlyForDeploymentPostprocessing = 0;
		};
/* End PBXSourcesBuildPhase section */

/* Begin PBXTargetDependency section */
		713F4AF010FB7BAA005367AB /* PBXTargetDependency */ = {
			isa = PBXTargetDependency;
			target = D2AAC07D0554694100DB518D /* CloudKit */;
			targetProxy = 713F4AEF10FB7BAA005367AB /* PBXContainerItemProxy */;
		};
/* End PBXTargetDependency section */

/* Begin XCBuildConfiguration section */
		1DEB921F08733DC00010E9CD /* Debug */ = {
			isa = XCBuildConfiguration;
			buildSettings = {
				ALWAYS_SEARCH_USER_PATHS = NO;
				ARCHS = "$(ARCHS_STANDARD_32_BIT)";
				COPY_PHASE_STRIP = NO;
				DSTROOT = /tmp/CloudKit.dst;
				FRAMEWORK_SEARCH_PATHS = (
					"$(inherited)",
					"\"$(DEVELOPER_FRAMEWORKS_DIR)\"",
				);
				GCC_DYNAMIC_NO_PIC = NO;
				GCC_ENABLE_FIX_AND_CONTINUE = YES;
				GCC_MODEL_TUNING = G5;
				GCC_OPTIMIZATION_LEVEL = 0;
				GCC_PRECOMPILE_PREFIX_HEADER = YES;
				GCC_PREFIX_HEADER = CloudKit_Prefix.pch;
				INSTALL_PATH = /usr/local/lib;
				PRODUCT_NAME = CloudKit;
			};
			name = Debug;
		};
		1DEB922008733DC00010E9CD /* Release */ = {
			isa = XCBuildConfiguration;
			buildSettings = {
				ALWAYS_SEARCH_USER_PATHS = NO;
				ARCHS = "$(ARCHS_STANDARD_32_BIT)";
				DSTROOT = /tmp/CloudKit.dst;
				FRAMEWORK_SEARCH_PATHS = (
					"$(inherited)",
					"\"$(DEVELOPER_FRAMEWORKS_DIR)\"",
				);
				GCC_MODEL_TUNING = G5;
				GCC_PRECOMPILE_PREFIX_HEADER = YES;
				GCC_PREFIX_HEADER = CloudKit_Prefix.pch;
				INSTALL_PATH = /usr/local/lib;
				PRODUCT_NAME = CloudKit;
			};
			name = Release;
		};
		1DEB922308733DC00010E9CD /* Debug */ = {
			isa = XCBuildConfiguration;
			buildSettings = {
				ARCHS = "$(ARCHS_STANDARD_32_BIT)";
				CODE_SIGN_IDENTITY = "iPhone Developer";
				GCC_C_LANGUAGE_STANDARD = c99;
				GCC_OPTIMIZATION_LEVEL = 0;
				GCC_WARN_ABOUT_RETURN_TYPE = YES;
				GCC_WARN_UNUSED_VARIABLE = YES;
				HEADER_SEARCH_PATHS = /usr/include/libxml2;
				OTHER_LDFLAGS = "";
				PREBINDING = NO;
				PROVISIONING_PROFILE = "";
				PUBLIC_HEADERS_FOLDER_PATH = ../../Headers/CloudKit;
				SDKROOT = iphoneos3.1.2;
			};
			name = Debug;
		};
		1DEB922408733DC00010E9CD /* Release */ = {
			isa = XCBuildConfiguration;
			buildSettings = {
				ARCHS = "$(ARCHS_STANDARD_32_BIT)";
				CODE_SIGN_IDENTITY = "iPhone Developer";
				GCC_C_LANGUAGE_STANDARD = c99;
				GCC_WARN_ABOUT_RETURN_TYPE = YES;
				GCC_WARN_UNUSED_VARIABLE = YES;
				HEADER_SEARCH_PATHS = /usr/include/libxml2;
				OTHER_LDFLAGS = "";
				PREBINDING = NO;
				PROVISIONING_PROFILE = "";
				PUBLIC_HEADERS_FOLDER_PATH = ../../Headers/CloudKit;
				SDKROOT = iphoneos3.1.2;
			};
			name = Release;
		};
		712E100510A4C7E800DF6562 /* Debug */ = {
			isa = XCBuildConfiguration;
			buildSettings = {
				ALWAYS_SEARCH_USER_PATHS = NO;
				COPY_PHASE_STRIP = NO;
				FRAMEWORK_SEARCH_PATHS = (
					"\"$(SDKROOT)/Developer/Library/Frameworks\"",
					"\"$(DEVELOPER_LIBRARY_DIR)/Frameworks\"",
				);
				GCC_DYNAMIC_NO_PIC = NO;
				GCC_ENABLE_FIX_AND_CONTINUE = NO;
				GCC_ENABLE_OBJC_EXCEPTIONS = YES;
				GCC_OPTIMIZATION_LEVEL = 0;
				INFOPLIST_FILE = "UnitTests-Info.plist";
				OTHER_LDFLAGS = (
					"-all_load",
					"-ObjC",
					"-framework",
					Foundation,
					"-framework",
					SenTestingKit,
					"-framework",
					UIKit,
				);
				PREBINDING = NO;
				PRODUCT_NAME = UnitTests;
				WRAPPER_EXTENSION = octest;
			};
			name = Debug;
		};
		712E100610A4C7E800DF6562 /* Release */ = {
			isa = XCBuildConfiguration;
			buildSettings = {
				ALWAYS_SEARCH_USER_PATHS = NO;
				COPY_PHASE_STRIP = YES;
				DEBUG_INFORMATION_FORMAT = "dwarf-with-dsym";
				FRAMEWORK_SEARCH_PATHS = (
					"\"$(SDKROOT)/Developer/Library/Frameworks\"",
					"\"$(DEVELOPER_LIBRARY_DIR)/Frameworks\"",
				);
				GCC_ENABLE_FIX_AND_CONTINUE = NO;
				GCC_ENABLE_OBJC_EXCEPTIONS = YES;
				INFOPLIST_FILE = "UnitTests-Info.plist";
				OTHER_LDFLAGS = (
					"-all_load",
					"-ObjC",
					"-framework",
					Foundation,
					"-framework",
					SenTestingKit,
					"-framework",
					UIKit,
				);
				PREBINDING = NO;
				PRODUCT_NAME = UnitTests;
				WRAPPER_EXTENSION = octest;
				ZERO_LINK = NO;
			};
			name = Release;
		};
/* End XCBuildConfiguration section */

/* Begin XCConfigurationList section */
		1DEB921E08733DC00010E9CD /* Build configuration list for PBXNativeTarget "CloudKit" */ = {
			isa = XCConfigurationList;
			buildConfigurations = (
				1DEB921F08733DC00010E9CD /* Debug */,
				1DEB922008733DC00010E9CD /* Release */,
			);
			defaultConfigurationIsVisible = 0;
			defaultConfigurationName = Release;
		};
		1DEB922208733DC00010E9CD /* Build configuration list for PBXProject "CloudKit" */ = {
			isa = XCConfigurationList;
			buildConfigurations = (
				1DEB922308733DC00010E9CD /* Debug */,
				1DEB922408733DC00010E9CD /* Release */,
			);
			defaultConfigurationIsVisible = 0;
			defaultConfigurationName = Release;
		};
		712E100710A4C7E800DF6562 /* Build configuration list for PBXNativeTarget "UnitTests" */ = {
			isa = XCConfigurationList;
			buildConfigurations = (
				712E100510A4C7E800DF6562 /* Debug */,
				712E100610A4C7E800DF6562 /* Release */,
			);
			defaultConfigurationIsVisible = 0;
			defaultConfigurationName = Release;
		};
/* End XCConfigurationList section */
	};
	rootObject = 0867D690FE84028FC02AAC07 /* Project object */;
}
